Microsoft Visual Studio Solution File, Format Version 7.00
Project("{8BC9CEB8-8B4A-11D0-8D11-00A0C91BC942}") = "allguids", "..\allguids\allguids.vcproj", "{B498CDAB-3E21-4046-A363-8B004DE3C5C5}"
EndProject
Project("{8BC9CEB8-8B4A-11D0-8D11-00A0C91BC942}") = "engine", "..\engine\engine.vcproj", "{C673D331-7134-43E2-9EE7-AF6D3CD9353A}"
EndProject
Project("{8BC9CEB8-8B4A-11D0-8D11-00A0C91BC942}") = "game", "game.vcproj", "{5D119475-735C-4CF9-8162-758BAB295273}"
EndProject
Project("{8BC9CEB8-8B4A-11D0-8D11-00A0C91BC942}") = "render", "..\render\render.vcproj", "{640E1391-3601-42BA-A2CC-B1DC74FFADF7}"
EndProject
Project("{8BC9CEB8-8B4A-11D0-8D11-00A0C91BC942}") = "tech", "..\tech\tech.vcproj", "{9509BD32-4EA8-4513-962A-90904724E827}"
EndProject
Global
	GlobalSection(SolutionConfiguration) = preSolution
		ConfigName.0 = Debug
		ConfigName.1 = Opt
		ConfigName.2 = Release
		ConfigName.3 = StaticDebug
		ConfigName.4 = StaticRelease
	EndGlobalSection
	GlobalSection(ProjectDependencies) = postSolution
		{C673D331-7134-43E2-9EE7-AF6D3CD9353A}.0 = {B498CDAB-3E21-4046-A363-8B004DE3C5C5}
		{C673D331-7134-43E2-9EE7-AF6D3CD9353A}.1 = {640E1391-3601-42BA-A2CC-B1DC74FFADF7}
		{C673D331-7134-43E2-9EE7-AF6D3CD9353A}.2 = {9509BD32-4EA8-4513-962A-90904724E827}
		{5D119475-735C-4CF9-8162-758BAB295273}.0 = {B498CDAB-3E21-4046-A363-8B004DE3C5C5}
		{5D119475-735C-4CF9-8162-758BAB295273}.1 = {C673D331-7134-43E2-9EE7-AF6D3CD9353A}
		{5D119475-735C-4CF9-8162-758BAB295273}.2 = {640E1391-3601-42BA-A2CC-B1DC74FFADF7}
		{5D119475-735C-4CF9-8162-758BAB295273}.3 = {9509BD32-4EA8-4513-962A-90904724E827}
		{640E1391-3601-42BA-A2CC-B1DC74FFADF7}.0 = {B498CDAB-3E21-4046-A363-8B004DE3C5C5}
		{640E1391-3601-42BA-A2CC-B1DC74FFADF7}.1 = {9509BD32-4EA8-4513-962A-90904724E827}
		{9509BD32-4EA8-4513-962A-90904724E827}.0 = {B498CDAB-3E21-4046-A363-8B004DE3C5C5}
	EndGlobalSection
	GlobalSection(ProjectConfiguration) = postSolution
		{B498CDAB-3E21-4046-A363-8B004DE3C5C5}.Debug.ActiveCfg = Debug|Win32
		{B498CDAB-3E21-4046-A363-8B004DE3C5C5}.Debug.Build.0 = Debug|Win32
		{B498CDAB-3E21-4046-A363-8B004DE3C5C5}.Opt.ActiveCfg = Opt|Win32
		{B498CDAB-3E21-4046-A363-8B004DE3C5C5}.Opt.Build.0 = Opt|Win32
		{B498CDAB-3E21-4046-A363-8B004DE3C5C5}.Release.ActiveCfg = Release|Win32
		{B498CDAB-3E21-4046-A363-8B004DE3C5C5}.Release.Build.0 = Release|Win32
		{B498CDAB-3E21-4046-A363-8B004DE3C5C5}.StaticDebug.ActiveCfg = StaticDebug|Win32
		{B498CDAB-3E21-4046-A363-8B004DE3C5C5}.StaticDebug.Build.0 = StaticDebug|Win32
		{B498CDAB-3E21-4046-A363-8B004DE3C5C5}.StaticRelease.ActiveCfg = StaticRelease|Win32
		{B498CDAB-3E21-4046-A363-8B004DE3C5C5}.StaticRelease.Build.0 = StaticRelease|Win32
		{C673D331-7134-43E2-9EE7-AF6D3CD9353A}.Debug.ActiveCfg = Debug|Win32
		{C673D331-7134-43E2-9EE7-AF6D3CD9353A}.Debug.Build.0 = Debug|Win32
		{C673D331-7134-43E2-9EE7-AF6D3CD9353A}.Opt.ActiveCfg = Opt|Win32
		{C673D331-7134-43E2-9EE7-AF6D3CD9353A}.Opt.Build.0 = Opt|Win32
		{C673D331-7134-43E2-9EE7-AF6D3CD9353A}.Release.ActiveCfg = Release|Win32
		{C673D331-7134-43E2-9EE7-AF6D3CD9353A}.Release.Build.0 = Release|Win32
		{C673D331-7134-43E2-9EE7-AF6D3CD9353A}.StaticDebug.ActiveCfg = StaticDebug|Win32
		{C673D331-7134-43E2-9EE7-AF6D3CD9353A}.StaticDebug.Build.0 = StaticDebug|Win32
		{C673D331-7134-43E2-9EE7-AF6D3CD9353A}.StaticRelease.ActiveCfg = StaticRelease|Win32
		{C673D331-7134-43E2-9EE7-AF6D3CD9353A}.StaticRelease.Build.0 = StaticRelease|Win32
		{5D119475-735C-4CF9-8162-758BAB295273}.Debug.ActiveCfg = Debug|Win32
		{5D119475-735C-4CF9-8162-758BAB295273}.Debug.Build.0 = Debug|Win32
		{5D119475-735C-4CF9-8162-758BAB295273}.Opt.ActiveCfg = Opt|Win32
		{5D119475-735C-4CF9-8162-758BAB295273}.Opt.Build.0 = Opt|Win32
		{5D119475-735C-4CF9-8162-758BAB295273}.Release.ActiveCfg = Release|Win32
		{5D119475-735C-4CF9-8162-758BAB295273}.Release.Build.0 = Release|Win32
		{5D119475-735C-4CF9-8162-758BAB295273}.StaticDebug.ActiveCfg = StaticDebug|Win32
		{5D119475-735C-4CF9-8162-758BAB295273}.StaticDebug.Build.0 = StaticDebug|Win32
		{5D119475-735C-4CF9-8162-758BAB295273}.StaticRelease.ActiveCfg = StaticRelease|Win32
		{5D119475-735C-4CF9-8162-758BAB295273}.StaticRelease.Build.0 = StaticRelease|Win32
		{640E1391-3601-42BA-A2CC-B1DC74FFADF7}.Debug.ActiveCfg = Debug|Win32
		{640E1391-3601-42BA-A2CC-B1DC74FFADF7}.Debug.Build.0 = Debug|Win32
		{640E1391-3601-42BA-A2CC-B1DC74FFADF7}.Opt.ActiveCfg = Opt|Win32
		{640E1391-3601-42BA-A2CC-B1DC74FFADF7}.Opt.Build.0 = Opt|Win32
		{640E1391-3601-42BA-A2CC-B1DC74FFADF7}.Release.ActiveCfg = Release|Win32
		{640E1391-3601-42BA-A2CC-B1DC74FFADF7}.Release.Build.0 = Release|Win32
		{640E1391-3601-42BA-A2CC-B1DC74FFADF7}.StaticDebug.ActiveCfg = StaticDebug|Win32
		{640E1391-3601-42BA-A2CC-B1DC74FFADF7}.StaticDebug.Build.0 = StaticDebug|Win32
		{640E1391-3601-42BA-A2CC-B1DC74FFADF7}.StaticRelease.ActiveCfg = StaticRelease|Win32
		{640E1391-3601-42BA-A2CC-B1DC74FFADF7}.StaticRelease.Build.0 = StaticRelease|Win32
		{9509BD32-4EA8-4513-962A-90904724E827}.Debug.ActiveCfg = Debug|Win32
		{9509BD32-4EA8-4513-962A-90904724E827}.Debug.Build.0 = Debug|Win32
		{9509BD32-4EA8-4513-962A-90904724E827}.Opt.ActiveCfg = Opt|Win32
		{9509BD32-4EA8-4513-962A-90904724E827}.Opt.Build.0 = Opt|Win32
		{9509BD32-4EA8-4513-962A-90904724E827}.Release.ActiveCfg = Release|Win32
		{9509BD32-4EA8-4513-962A-90904724E827}.Release.Build.0 = Release|Win32
		{9509BD32-4EA8-4513-962A-90904724E827}.StaticDebug.ActiveCfg = StaticDebug|Win32
		{9509BD32-4EA8-4513-962A-90904724E827}.StaticDebug.Build.0 = StaticDebug|Win32
		{9509BD32-4EA8-4513-962A-90904724E827}.StaticRelease.ActiveCfg = StaticRelease|Win32
		{9509BD32-4EA8-4513-962A-90904724E827}.StaticRelease.Build.0 = StaticRelease|Win32
	EndGlobalSection
	GlobalSection(ExtensibilityGlobals) = postSolution
	EndGlobalSection
	GlobalSection(ExtensibilityAddIns) = postSolution
	EndGlobalSection
EndGlobal
