Microsoft Visual Studio Solution File, Format Version 7.00
Project("{8BC9CEB8-8B4A-11D0-8D11-00A0C91BC942}") = "allguids", "allguids\allguids.vc7.vcproj", "{42314872-A1E2-4274-86E4-6F3CB44272F6}"
EndProject
Project("{8BC9CEB8-8B4A-11D0-8D11-00A0C91BC942}") = "editor", "editor\editor.vc7.vcproj", "{B393D0EF-1E7E-41AF-8281-F1E8674205D2}"
EndProject
Project("{8BC9CEB8-8B4A-11D0-8D11-00A0C91BC942}") = "engine", "engine\engine.vc7.vcproj", "{7D2CD7B5-02C8-4392-A677-9266075442EE}"
EndProject
Project("{8BC9CEB8-8B4A-11D0-8D11-00A0C91BC942}") = "game", "game\game.vc7.vcproj", "{C9517B30-3C84-435B-860B-3702BD6103D8}"
EndProject
Project("{8BC9CEB8-8B4A-11D0-8D11-00A0C91BC942}") = "msPlugIn", "MilkShapeExporter\msPlugIn.vc7.vcproj", "{7663B346-A1C0-4F8F-8CBA-3B918B002573}"
EndProject
Project("{8BC9CEB8-8B4A-11D0-8D11-00A0C91BC942}") = "render", "render\render.vc7.vcproj", "{FF4E8212-B5C9-43BF-9CD3-D927C2020236}"
EndProject
Project("{8BC9CEB8-8B4A-11D0-8D11-00A0C91BC942}") = "tech", "tech\tech.vc7.vcproj", "{9EA49506-2B31-4F7E-AA0F-84B1FFFA7317}"
EndProject
Global
	GlobalSection(SolutionConfiguration) = preSolution
		ConfigName.0 = Debug
		ConfigName.1 = Opt
		ConfigName.2 = Release
		ConfigName.3 = StaticDebug
		ConfigName.4 = StaticRelease
	EndGlobalSection
	GlobalSection(ProjectDependencies) = postSolution
		{B393D0EF-1E7E-41AF-8281-F1E8674205D2}.0 = {9EA49506-2B31-4F7E-AA0F-84B1FFFA7317}
		{B393D0EF-1E7E-41AF-8281-F1E8674205D2}.1 = {FF4E8212-B5C9-43BF-9CD3-D927C2020236}
		{B393D0EF-1E7E-41AF-8281-F1E8674205D2}.2 = {7D2CD7B5-02C8-4392-A677-9266075442EE}
		{B393D0EF-1E7E-41AF-8281-F1E8674205D2}.3 = {42314872-A1E2-4274-86E4-6F3CB44272F6}
		{7D2CD7B5-02C8-4392-A677-9266075442EE}.0 = {9EA49506-2B31-4F7E-AA0F-84B1FFFA7317}
		{7D2CD7B5-02C8-4392-A677-9266075442EE}.1 = {FF4E8212-B5C9-43BF-9CD3-D927C2020236}
		{7D2CD7B5-02C8-4392-A677-9266075442EE}.2 = {42314872-A1E2-4274-86E4-6F3CB44272F6}
		{C9517B30-3C84-435B-860B-3702BD6103D8}.0 = {9EA49506-2B31-4F7E-AA0F-84B1FFFA7317}
		{C9517B30-3C84-435B-860B-3702BD6103D8}.1 = {FF4E8212-B5C9-43BF-9CD3-D927C2020236}
		{C9517B30-3C84-435B-860B-3702BD6103D8}.2 = {7D2CD7B5-02C8-4392-A677-9266075442EE}
		{C9517B30-3C84-435B-860B-3702BD6103D8}.3 = {42314872-A1E2-4274-86E4-6F3CB44272F6}
		{7663B346-A1C0-4F8F-8CBA-3B918B002573}.0 = {7D2CD7B5-02C8-4392-A677-9266075442EE}
		{7663B346-A1C0-4F8F-8CBA-3B918B002573}.1 = {9EA49506-2B31-4F7E-AA0F-84B1FFFA7317}
		{7663B346-A1C0-4F8F-8CBA-3B918B002573}.2 = {FF4E8212-B5C9-43BF-9CD3-D927C2020236}
		{7663B346-A1C0-4F8F-8CBA-3B918B002573}.3 = {42314872-A1E2-4274-86E4-6F3CB44272F6}
		{FF4E8212-B5C9-43BF-9CD3-D927C2020236}.0 = {9EA49506-2B31-4F7E-AA0F-84B1FFFA7317}
		{FF4E8212-B5C9-43BF-9CD3-D927C2020236}.1 = {42314872-A1E2-4274-86E4-6F3CB44272F6}
		{9EA49506-2B31-4F7E-AA0F-84B1FFFA7317}.0 = {42314872-A1E2-4274-86E4-6F3CB44272F6}
	EndGlobalSection
	GlobalSection(ProjectConfiguration) = postSolution
		{42314872-A1E2-4274-86E4-6F3CB44272F6}.Debug.ActiveCfg = Debug|Win32
		{42314872-A1E2-4274-86E4-6F3CB44272F6}.Debug.Build.0 = Debug|Win32
		{42314872-A1E2-4274-86E4-6F3CB44272F6}.Opt.ActiveCfg = Opt|Win32
		{42314872-A1E2-4274-86E4-6F3CB44272F6}.Opt.Build.0 = Opt|Win32
		{42314872-A1E2-4274-86E4-6F3CB44272F6}.Release.ActiveCfg = Release|Win32
		{42314872-A1E2-4274-86E4-6F3CB44272F6}.Release.Build.0 = Release|Win32
		{42314872-A1E2-4274-86E4-6F3CB44272F6}.StaticDebug.ActiveCfg = StaticDebug|Win32
		{42314872-A1E2-4274-86E4-6F3CB44272F6}.StaticDebug.Build.0 = StaticDebug|Win32
		{42314872-A1E2-4274-86E4-6F3CB44272F6}.StaticRelease.ActiveCfg = StaticRelease|Win32
		{42314872-A1E2-4274-86E4-6F3CB44272F6}.StaticRelease.Build.0 = StaticRelease|Win32
		{B393D0EF-1E7E-41AF-8281-F1E8674205D2}.Debug.ActiveCfg = Debug|Win32
		{B393D0EF-1E7E-41AF-8281-F1E8674205D2}.Debug.Build.0 = Debug|Win32
		{B393D0EF-1E7E-41AF-8281-F1E8674205D2}.Opt.ActiveCfg = Opt|Win32
		{B393D0EF-1E7E-41AF-8281-F1E8674205D2}.Opt.Build.0 = Opt|Win32
		{B393D0EF-1E7E-41AF-8281-F1E8674205D2}.Release.ActiveCfg = Release|Win32
		{B393D0EF-1E7E-41AF-8281-F1E8674205D2}.Release.Build.0 = Release|Win32
		{B393D0EF-1E7E-41AF-8281-F1E8674205D2}.StaticDebug.ActiveCfg = StaticDebug|Win32
		{B393D0EF-1E7E-41AF-8281-F1E8674205D2}.StaticDebug.Build.0 = StaticDebug|Win32
		{B393D0EF-1E7E-41AF-8281-F1E8674205D2}.StaticRelease.ActiveCfg = StaticRelease|Win32
		{B393D0EF-1E7E-41AF-8281-F1E8674205D2}.StaticRelease.Build.0 = StaticRelease|Win32
		{7D2CD7B5-02C8-4392-A677-9266075442EE}.Debug.ActiveCfg = Debug|Win32
		{7D2CD7B5-02C8-4392-A677-9266075442EE}.Debug.Build.0 = Debug|Win32
		{7D2CD7B5-02C8-4392-A677-9266075442EE}.Opt.ActiveCfg = Opt|Win32
		{7D2CD7B5-02C8-4392-A677-9266075442EE}.Opt.Build.0 = Opt|Win32
		{7D2CD7B5-02C8-4392-A677-9266075442EE}.Release.ActiveCfg = Release|Win32
		{7D2CD7B5-02C8-4392-A677-9266075442EE}.Release.Build.0 = Release|Win32
		{7D2CD7B5-02C8-4392-A677-9266075442EE}.StaticDebug.ActiveCfg = StaticDebug|Win32
		{7D2CD7B5-02C8-4392-A677-9266075442EE}.StaticDebug.Build.0 = StaticDebug|Win32
		{7D2CD7B5-02C8-4392-A677-9266075442EE}.StaticRelease.ActiveCfg = StaticRelease|Win32
		{7D2CD7B5-02C8-4392-A677-9266075442EE}.StaticRelease.Build.0 = StaticRelease|Win32
		{C9517B30-3C84-435B-860B-3702BD6103D8}.Debug.ActiveCfg = Debug|Win32
		{C9517B30-3C84-435B-860B-3702BD6103D8}.Debug.Build.0 = Debug|Win32
		{C9517B30-3C84-435B-860B-3702BD6103D8}.Opt.ActiveCfg = Opt|Win32
		{C9517B30-3C84-435B-860B-3702BD6103D8}.Opt.Build.0 = Opt|Win32
		{C9517B30-3C84-435B-860B-3702BD6103D8}.Release.ActiveCfg = Release|Win32
		{C9517B30-3C84-435B-860B-3702BD6103D8}.Release.Build.0 = Release|Win32
		{C9517B30-3C84-435B-860B-3702BD6103D8}.StaticDebug.ActiveCfg = StaticDebug|Win32
		{C9517B30-3C84-435B-860B-3702BD6103D8}.StaticDebug.Build.0 = StaticDebug|Win32
		{C9517B30-3C84-435B-860B-3702BD6103D8}.StaticRelease.ActiveCfg = StaticRelease|Win32
		{C9517B30-3C84-435B-860B-3702BD6103D8}.StaticRelease.Build.0 = StaticRelease|Win32
		{7663B346-A1C0-4F8F-8CBA-3B918B002573}.Debug.ActiveCfg = Debug|Win32
		{7663B346-A1C0-4F8F-8CBA-3B918B002573}.Debug.Build.0 = Debug|Win32
		{7663B346-A1C0-4F8F-8CBA-3B918B002573}.Opt.ActiveCfg = Opt|Win32
		{7663B346-A1C0-4F8F-8CBA-3B918B002573}.Opt.Build.0 = Opt|Win32
		{7663B346-A1C0-4F8F-8CBA-3B918B002573}.Release.ActiveCfg = Release|Win32
		{7663B346-A1C0-4F8F-8CBA-3B918B002573}.Release.Build.0 = Release|Win32
		{7663B346-A1C0-4F8F-8CBA-3B918B002573}.StaticDebug.ActiveCfg = StaticDebug|Win32
		{7663B346-A1C0-4F8F-8CBA-3B918B002573}.StaticDebug.Build.0 = StaticDebug|Win32
		{7663B346-A1C0-4F8F-8CBA-3B918B002573}.StaticRelease.ActiveCfg = StaticRelease|Win32
		{7663B346-A1C0-4F8F-8CBA-3B918B002573}.StaticRelease.Build.0 = StaticRelease|Win32
		{FF4E8212-B5C9-43BF-9CD3-D927C2020236}.Debug.ActiveCfg = Debug|Win32
		{FF4E8212-B5C9-43BF-9CD3-D927C2020236}.Debug.Build.0 = Debug|Win32
		{FF4E8212-B5C9-43BF-9CD3-D927C2020236}.Opt.ActiveCfg = Opt|Win32
		{FF4E8212-B5C9-43BF-9CD3-D927C2020236}.Opt.Build.0 = Opt|Win32
		{FF4E8212-B5C9-43BF-9CD3-D927C2020236}.Release.ActiveCfg = Release|Win32
		{FF4E8212-B5C9-43BF-9CD3-D927C2020236}.Release.Build.0 = Release|Win32
		{FF4E8212-B5C9-43BF-9CD3-D927C2020236}.StaticDebug.ActiveCfg = StaticDebug|Win32
		{FF4E8212-B5C9-43BF-9CD3-D927C2020236}.StaticDebug.Build.0 = StaticDebug|Win32
		{FF4E8212-B5C9-43BF-9CD3-D927C2020236}.StaticRelease.ActiveCfg = StaticRelease|Win32
		{FF4E8212-B5C9-43BF-9CD3-D927C2020236}.StaticRelease.Build.0 = StaticRelease|Win32
		{9EA49506-2B31-4F7E-AA0F-84B1FFFA7317}.Debug.ActiveCfg = Debug|Win32
		{9EA49506-2B31-4F7E-AA0F-84B1FFFA7317}.Debug.Build.0 = Debug|Win32
		{9EA49506-2B31-4F7E-AA0F-84B1FFFA7317}.Opt.ActiveCfg = Opt|Win32
		{9EA49506-2B31-4F7E-AA0F-84B1FFFA7317}.Opt.Build.0 = Opt|Win32
		{9EA49506-2B31-4F7E-AA0F-84B1FFFA7317}.Release.ActiveCfg = Release|Win32
		{9EA49506-2B31-4F7E-AA0F-84B1FFFA7317}.Release.Build.0 = Release|Win32
		{9EA49506-2B31-4F7E-AA0F-84B1FFFA7317}.StaticDebug.ActiveCfg = StaticDebug|Win32
		{9EA49506-2B31-4F7E-AA0F-84B1FFFA7317}.StaticDebug.Build.0 = StaticDebug|Win32
		{9EA49506-2B31-4F7E-AA0F-84B1FFFA7317}.StaticRelease.ActiveCfg = StaticRelease|Win32
		{9EA49506-2B31-4F7E-AA0F-84B1FFFA7317}.StaticRelease.Build.0 = StaticRelease|Win32
	EndGlobalSection
	GlobalSection(ExtensibilityGlobals) = postSolution
	EndGlobalSection
	GlobalSection(ExtensibilityAddIns) = postSolution
	EndGlobalSection
EndGlobal
