Microsoft Visual Studio Solution File, Format Version 9.00
# Visual C++ Express 2005
Project("{8BC9CEB8-8B4A-11D0-8D11-00A0C91BC942}") = "AllTargets", "AllTargets.vcproj", "{BD24C43F-9655-4013-A13C-4215B5BDBB6B}"
	ProjectSection(ProjectDependencies) = postProject
		{3FBF8274-6154-4681-A1C7-9DBD381310C6} = {3FBF8274-6154-4681-A1C7-9DBD381310C6}
		{C72CF878-6F43-4950-936E-74596E6274E1} = {C72CF878-6F43-4950-936E-74596E6274E1}
		{BBDB6A7F-72B6-4D59-96DB-77C68F8CF8DC} = {BBDB6A7F-72B6-4D59-96DB-77C68F8CF8DC}
		{713EA881-0CEC-44D8-B067-5F0FE78C2E9B} = {713EA881-0CEC-44D8-B067-5F0FE78C2E9B}
		{43C3E7ED-B799-424C-B09F-6102C58D63F1} = {43C3E7ED-B799-424C-B09F-6102C58D63F1}
	EndProjectSection
EndProject
Project("{8BC9CEB8-8B4A-11D0-8D11-00A0C91BC942}") = "allguids", "allguids\allguids.vcproj", "{713EA881-0CEC-44D8-B067-5F0FE78C2E9B}"
EndProject
Project("{8BC9CEB8-8B4A-11D0-8D11-00A0C91BC942}") = "engine", "engine\engine.vcproj", "{BBDB6A7F-72B6-4D59-96DB-77C68F8CF8DC}"
	ProjectSection(ProjectDependencies) = postProject
		{3FBF8274-6154-4681-A1C7-9DBD381310C6} = {3FBF8274-6154-4681-A1C7-9DBD381310C6}
		{C72CF878-6F43-4950-936E-74596E6274E1} = {C72CF878-6F43-4950-936E-74596E6274E1}
		{713EA881-0CEC-44D8-B067-5F0FE78C2E9B} = {713EA881-0CEC-44D8-B067-5F0FE78C2E9B}
	EndProjectSection
EndProject
Project("{8BC9CEB8-8B4A-11D0-8D11-00A0C91BC942}") = "game", "game\game.vcproj", "{43C3E7ED-B799-424C-B09F-6102C58D63F1}"
	ProjectSection(ProjectDependencies) = postProject
		{3FBF8274-6154-4681-A1C7-9DBD381310C6} = {3FBF8274-6154-4681-A1C7-9DBD381310C6}
		{C72CF878-6F43-4950-936E-74596E6274E1} = {C72CF878-6F43-4950-936E-74596E6274E1}
		{BBDB6A7F-72B6-4D59-96DB-77C68F8CF8DC} = {BBDB6A7F-72B6-4D59-96DB-77C68F8CF8DC}
		{713EA881-0CEC-44D8-B067-5F0FE78C2E9B} = {713EA881-0CEC-44D8-B067-5F0FE78C2E9B}
	EndProjectSection
EndProject
Project("{8BC9CEB8-8B4A-11D0-8D11-00A0C91BC942}") = "render", "render\render.vcproj", "{C72CF878-6F43-4950-936E-74596E6274E1}"
	ProjectSection(ProjectDependencies) = postProject
		{3FBF8274-6154-4681-A1C7-9DBD381310C6} = {3FBF8274-6154-4681-A1C7-9DBD381310C6}
		{713EA881-0CEC-44D8-B067-5F0FE78C2E9B} = {713EA881-0CEC-44D8-B067-5F0FE78C2E9B}
	EndProjectSection
EndProject
Project("{8BC9CEB8-8B4A-11D0-8D11-00A0C91BC942}") = "tech", "tech\tech.vcproj", "{3FBF8274-6154-4681-A1C7-9DBD381310C6}"
	ProjectSection(ProjectDependencies) = postProject
		{713EA881-0CEC-44D8-B067-5F0FE78C2E9B} = {713EA881-0CEC-44D8-B067-5F0FE78C2E9B}
	EndProjectSection
EndProject
Global
	GlobalSection(SolutionConfigurationPlatforms) = preSolution
		Debug|Win32 = Debug|Win32
		Opt|Win32 = Opt|Win32
		Release|Win32 = Release|Win32
		StaticDebug|Win32 = StaticDebug|Win32
		StaticRelease|Win32 = StaticRelease|Win32
	EndGlobalSection
	GlobalSection(ProjectConfigurationPlatforms) = postSolution
		{BD24C43F-9655-4013-A13C-4215B5BDBB6B}.Debug|Win32.ActiveCfg = Debug|Win32
		{BD24C43F-9655-4013-A13C-4215B5BDBB6B}.Debug|Win32.Build.0 = Debug|Win32
		{BD24C43F-9655-4013-A13C-4215B5BDBB6B}.Opt|Win32.ActiveCfg = Opt|Win32
		{BD24C43F-9655-4013-A13C-4215B5BDBB6B}.Opt|Win32.Build.0 = Opt|Win32
		{BD24C43F-9655-4013-A13C-4215B5BDBB6B}.Release|Win32.ActiveCfg = Release|Win32
		{BD24C43F-9655-4013-A13C-4215B5BDBB6B}.Release|Win32.Build.0 = Release|Win32
		{BD24C43F-9655-4013-A13C-4215B5BDBB6B}.StaticDebug|Win32.ActiveCfg = StaticDebug|Win32
		{BD24C43F-9655-4013-A13C-4215B5BDBB6B}.StaticDebug|Win32.Build.0 = StaticDebug|Win32
		{BD24C43F-9655-4013-A13C-4215B5BDBB6B}.StaticRelease|Win32.ActiveCfg = StaticRelease|Win32
		{BD24C43F-9655-4013-A13C-4215B5BDBB6B}.StaticRelease|Win32.Build.0 = StaticRelease|Win32
		{713EA881-0CEC-44D8-B067-5F0FE78C2E9B}.Debug|Win32.ActiveCfg = Debug|Win32
		{713EA881-0CEC-44D8-B067-5F0FE78C2E9B}.Debug|Win32.Build.0 = Debug|Win32
		{713EA881-0CEC-44D8-B067-5F0FE78C2E9B}.Opt|Win32.ActiveCfg = Opt|Win32
		{713EA881-0CEC-44D8-B067-5F0FE78C2E9B}.Opt|Win32.Build.0 = Opt|Win32
		{713EA881-0CEC-44D8-B067-5F0FE78C2E9B}.Release|Win32.ActiveCfg = Release|Win32
		{713EA881-0CEC-44D8-B067-5F0FE78C2E9B}.Release|Win32.Build.0 = Release|Win32
		{713EA881-0CEC-44D8-B067-5F0FE78C2E9B}.StaticDebug|Win32.ActiveCfg = StaticDebug|Win32
		{713EA881-0CEC-44D8-B067-5F0FE78C2E9B}.StaticDebug|Win32.Build.0 = StaticDebug|Win32
		{713EA881-0CEC-44D8-B067-5F0FE78C2E9B}.StaticRelease|Win32.ActiveCfg = StaticRelease|Win32
		{713EA881-0CEC-44D8-B067-5F0FE78C2E9B}.StaticRelease|Win32.Build.0 = StaticRelease|Win32
		{BBDB6A7F-72B6-4D59-96DB-77C68F8CF8DC}.Debug|Win32.ActiveCfg = Debug|Win32
		{BBDB6A7F-72B6-4D59-96DB-77C68F8CF8DC}.Debug|Win32.Build.0 = Debug|Win32
		{BBDB6A7F-72B6-4D59-96DB-77C68F8CF8DC}.Opt|Win32.ActiveCfg = Opt|Win32
		{BBDB6A7F-72B6-4D59-96DB-77C68F8CF8DC}.Opt|Win32.Build.0 = Opt|Win32
		{BBDB6A7F-72B6-4D59-96DB-77C68F8CF8DC}.Release|Win32.ActiveCfg = Release|Win32
		{BBDB6A7F-72B6-4D59-96DB-77C68F8CF8DC}.Release|Win32.Build.0 = Release|Win32
		{BBDB6A7F-72B6-4D59-96DB-77C68F8CF8DC}.StaticDebug|Win32.ActiveCfg = StaticDebug|Win32
		{BBDB6A7F-72B6-4D59-96DB-77C68F8CF8DC}.StaticDebug|Win32.Build.0 = StaticDebug|Win32
		{BBDB6A7F-72B6-4D59-96DB-77C68F8CF8DC}.StaticRelease|Win32.ActiveCfg = StaticRelease|Win32
		{BBDB6A7F-72B6-4D59-96DB-77C68F8CF8DC}.StaticRelease|Win32.Build.0 = StaticRelease|Win32
		{43C3E7ED-B799-424C-B09F-6102C58D63F1}.Debug|Win32.ActiveCfg = Debug|Win32
		{43C3E7ED-B799-424C-B09F-6102C58D63F1}.Debug|Win32.Build.0 = Debug|Win32
		{43C3E7ED-B799-424C-B09F-6102C58D63F1}.Opt|Win32.ActiveCfg = Opt|Win32
		{43C3E7ED-B799-424C-B09F-6102C58D63F1}.Opt|Win32.Build.0 = Opt|Win32
		{43C3E7ED-B799-424C-B09F-6102C58D63F1}.Release|Win32.ActiveCfg = Release|Win32
		{43C3E7ED-B799-424C-B09F-6102C58D63F1}.Release|Win32.Build.0 = Release|Win32
		{43C3E7ED-B799-424C-B09F-6102C58D63F1}.StaticDebug|Win32.ActiveCfg = StaticDebug|Win32
		{43C3E7ED-B799-424C-B09F-6102C58D63F1}.StaticDebug|Win32.Build.0 = StaticDebug|Win32
		{43C3E7ED-B799-424C-B09F-6102C58D63F1}.StaticRelease|Win32.ActiveCfg = StaticRelease|Win32
		{43C3E7ED-B799-424C-B09F-6102C58D63F1}.StaticRelease|Win32.Build.0 = StaticRelease|Win32
		{C72CF878-6F43-4950-936E-74596E6274E1}.Debug|Win32.ActiveCfg = Debug|Win32
		{C72CF878-6F43-4950-936E-74596E6274E1}.Debug|Win32.Build.0 = Debug|Win32
		{C72CF878-6F43-4950-936E-74596E6274E1}.Opt|Win32.ActiveCfg = Opt|Win32
		{C72CF878-6F43-4950-936E-74596E6274E1}.Opt|Win32.Build.0 = Opt|Win32
		{C72CF878-6F43-4950-936E-74596E6274E1}.Release|Win32.ActiveCfg = Release|Win32
		{C72CF878-6F43-4950-936E-74596E6274E1}.Release|Win32.Build.0 = Release|Win32
		{C72CF878-6F43-4950-936E-74596E6274E1}.StaticDebug|Win32.ActiveCfg = StaticDebug|Win32
		{C72CF878-6F43-4950-936E-74596E6274E1}.StaticDebug|Win32.Build.0 = StaticDebug|Win32
		{C72CF878-6F43-4950-936E-74596E6274E1}.StaticRelease|Win32.ActiveCfg = StaticRelease|Win32
		{C72CF878-6F43-4950-936E-74596E6274E1}.StaticRelease|Win32.Build.0 = StaticRelease|Win32
		{3FBF8274-6154-4681-A1C7-9DBD381310C6}.Debug|Win32.ActiveCfg = Debug|Win32
		{3FBF8274-6154-4681-A1C7-9DBD381310C6}.Debug|Win32.Build.0 = Debug|Win32
		{3FBF8274-6154-4681-A1C7-9DBD381310C6}.Opt|Win32.ActiveCfg = Opt|Win32
		{3FBF8274-6154-4681-A1C7-9DBD381310C6}.Opt|Win32.Build.0 = Opt|Win32
		{3FBF8274-6154-4681-A1C7-9DBD381310C6}.Release|Win32.ActiveCfg = Release|Win32
		{3FBF8274-6154-4681-A1C7-9DBD381310C6}.Release|Win32.Build.0 = Release|Win32
		{3FBF8274-6154-4681-A1C7-9DBD381310C6}.StaticDebug|Win32.ActiveCfg = StaticDebug|Win32
		{3FBF8274-6154-4681-A1C7-9DBD381310C6}.StaticDebug|Win32.Build.0 = StaticDebug|Win32
		{3FBF8274-6154-4681-A1C7-9DBD381310C6}.StaticRelease|Win32.ActiveCfg = StaticRelease|Win32
		{3FBF8274-6154-4681-A1C7-9DBD381310C6}.StaticRelease|Win32.Build.0 = StaticRelease|Win32
	EndGlobalSection
	GlobalSection(SolutionProperties) = preSolution
		HideSolutionNode = FALSE
	EndGlobalSection
EndGlobal
