<?xml version="1.0" encoding="utf-8"?>
<Project ToolsVersion="4.0" xmlns="http://schemas.microsoft.com/developer/msbuild/2003">
  <ItemGroup>
    <Filter Include="Source Files">
      <UniqueIdentifier>{7bf375a5-becf-422b-b958-ba791142ccd7}</UniqueIdentifier>
      <Extensions>cpp;c;cxx;rc;def;r;odl;idl;hpj;bat</Extensions>
    </Filter>
    <Filter Include="Source Files\FT_MODULES">
      <UniqueIdentifier>{8ae17066-5f1f-496e-8a54-f6b58735da14}</UniqueIdentifier>
    </Filter>
    <Filter Include="Header Files">
      <UniqueIdentifier>{7e694950-fcf0-415f-b801-5d5eb2885f5e}</UniqueIdentifier>
      <Extensions>h;hpp;hxx;hm;inl</Extensions>
    </Filter>
    <Filter Include="Resource Files">
      <UniqueIdentifier>{b8bd5887-1aee-483c-bdd9-c981af09b83f}</UniqueIdentifier>
      <Extensions>ico;cur;bmp;dlg;rc2;rct;bin;rgs;gif;jpg;jpeg;jpe</Extensions>
    </Filter>
  </ItemGroup>
  <ItemGroup>
    <ClCompile Include="..\..\3rdparty\freetype\src\autofit\autofit.c">
      <Filter>Source Files</Filter>
    </ClCompile>
    <ClCompile Include="..\..\3rdparty\freetype\src\bdf\bdf.c">
      <Filter>Source Files</Filter>
    </ClCompile>
    <ClCompile Include="..\..\3rdparty\freetype\src\cff\cff.c">
      <Filter>Source Files</Filter>
    </ClCompile>
    <ClCompile Include="..\..\3rdparty\freetype\src\base\ftbase.c">
      <Filter>Source Files</Filter>
    </ClCompile>
    <ClCompile Include="..\..\3rdparty\freetype\src\base\ftbbox.c">
      <Filter>Source Files</Filter>
    </ClCompile>
    <ClCompile Include="..\..\3rdparty\freetype\src\base\ftbitmap.c">
      <Filter>Source Files</Filter>
    </ClCompile>
    <ClCompile Include="..\..\3rdparty\freetype\src\cache\ftcache.c">
      <Filter>Source Files</Filter>
    </ClCompile>
    <ClCompile Include="..\..\3rdparty\freetype\builds\win32\ftdebug.c">
      <Filter>Source Files</Filter>
    </ClCompile>
    <ClCompile Include="..\..\3rdparty\freetype\src\base\ftglyph.c">
      <Filter>Source Files</Filter>
    </ClCompile>
    <ClCompile Include="..\..\3rdparty\freetype\src\gzip\ftgzip.c">
      <Filter>Source Files</Filter>
    </ClCompile>
    <ClCompile Include="..\..\3rdparty\freetype\src\base\ftinit.c">
      <Filter>Source Files</Filter>
    </ClCompile>
    <ClCompile Include="..\..\3rdparty\freetype\src\lzw\ftlzw.c">
      <Filter>Source Files</Filter>
    </ClCompile>
    <ClCompile Include="..\..\3rdparty\freetype\src\base\ftstroke.c">
      <Filter>Source Files</Filter>
    </ClCompile>
    <ClCompile Include="..\..\3rdparty\freetype\src\base\ftsystem.c">
      <Filter>Source Files</Filter>
    </ClCompile>
    <ClCompile Include="..\..\3rdparty\freetype\src\smooth\smooth.c">
      <Filter>Source Files</Filter>
    </ClCompile>
    <ClCompile Include="..\..\3rdparty\freetype\src\base\ftmm.c">
      <Filter>Source Files\FT_MODULES</Filter>
    </ClCompile>
    <ClCompile Include="..\..\3rdparty\freetype\src\pcf\pcf.c">
      <Filter>Source Files\FT_MODULES</Filter>
    </ClCompile>
    <ClCompile Include="..\..\3rdparty\freetype\src\pfr\pfr.c">
      <Filter>Source Files\FT_MODULES</Filter>
    </ClCompile>
    <ClCompile Include="..\..\3rdparty\freetype\src\psaux\psaux.c">
      <Filter>Source Files\FT_MODULES</Filter>
    </ClCompile>
    <ClCompile Include="..\..\3rdparty\freetype\src\pshinter\pshinter.c">
      <Filter>Source Files\FT_MODULES</Filter>
    </ClCompile>
    <ClCompile Include="..\..\3rdparty\freetype\src\psnames\psmodule.c">
      <Filter>Source Files\FT_MODULES</Filter>
    </ClCompile>
    <ClCompile Include="..\..\3rdparty\freetype\src\raster\raster.c">
      <Filter>Source Files\FT_MODULES</Filter>
    </ClCompile>
    <ClCompile Include="..\..\3rdparty\freetype\src\sfnt\sfnt.c">
      <Filter>Source Files\FT_MODULES</Filter>
    </ClCompile>
    <ClCompile Include="..\..\3rdparty\freetype\src\truetype\truetype.c">
      <Filter>Source Files\FT_MODULES</Filter>
    </ClCompile>
    <ClCompile Include="..\..\3rdparty\freetype\src\type1\type1.c">
      <Filter>Source Files\FT_MODULES</Filter>
    </ClCompile>
    <ClCompile Include="..\..\3rdparty\freetype\src\cid\type1cid.c">
      <Filter>Source Files\FT_MODULES</Filter>
    </ClCompile>
    <ClCompile Include="..\..\3rdparty\freetype\src\type42\type42.c">
      <Filter>Source Files\FT_MODULES</Filter>
    </ClCompile>
    <ClCompile Include="..\..\3rdparty\freetype\src\winfonts\winfnt.c">
      <Filter>Source Files\FT_MODULES</Filter>
    </ClCompile>
  </ItemGroup>
  <ItemGroup>
    <ClInclude Include="..\..\3rdparty\freetype\include\ft2build.h">
      <Filter>Header Files</Filter>
    </ClInclude>
    <ClInclude Include="..\..\3rdparty\freetype\include\freetype\config\ftconfig.h">
      <Filter>Header Files</Filter>
    </ClInclude>
    <ClInclude Include="..\..\3rdparty\freetype\include\freetype\config\ftheader.h">
      <Filter>Header Files</Filter>
    </ClInclude>
    <ClInclude Include="..\..\3rdparty\freetype\include\freetype\config\ftmodule.h">
      <Filter>Header Files</Filter>
    </ClInclude>
    <ClInclude Include="..\..\3rdparty\freetype\include\freetype\config\ftoption.h">
      <Filter>Header Files</Filter>
    </ClInclude>
    <ClInclude Include="..\..\3rdparty\freetype\include\freetype\config\ftstdlib.h">
      <Filter>Header Files</Filter>
    </ClInclude>
  </ItemGroup>
</Project>