<?xml version="1.0" encoding="utf-8"?>
<Project ToolsVersion="4.0" xmlns="http://schemas.microsoft.com/developer/msbuild/2003">
  <ItemGroup>
    <Filter Include="Source Files">
      <UniqueIdentifier>{08da5b8b-138c-4bca-82b8-0e183030cce5}</UniqueIdentifier>
      <Extensions>cpp;c;cxx;rc;def;r;odl;idl;hpj;bat</Extensions>
    </Filter>
    <Filter Include="Header Files">
      <UniqueIdentifier>{a0137ba4-06ce-4a17-996d-1ef4d5fe2b83}</UniqueIdentifier>
      <Extensions>h;hpp;hxx;hm;inl</Extensions>
    </Filter>
    <Filter Include="Resource Files">
      <UniqueIdentifier>{d6a289e3-05ad-4744-b98c-79c00df01c76}</UniqueIdentifier>
      <Extensions>ico;cur;bmp;dlg;rc2;rct;bin;rgs;gif;jpg;jpeg;jpe</Extensions>
    </Filter>
  </ItemGroup>
  <ItemGroup>
    <ClCompile Include="..\..\tests\managededitor\AssemblyInfo.cpp">
      <Filter>Source Files</Filter>
    </ClCompile>
    <ClCompile Include="..\..\tests\managededitor\EditorAbout.cpp">
      <Filter>Source Files</Filter>
    </ClCompile>
    <ClCompile Include="..\..\tests\managededitor\EditorAppForm.cpp">
      <Filter>Source Files</Filter>
    </ClCompile>
    <ClCompile Include="..\..\tests\managededitor\EditorDocCmds.cpp">
      <Filter>Source Files</Filter>
    </ClCompile>
    <ClCompile Include="..\..\tests\managededitor\EditorDocument.cpp">
      <Filter>Source Files</Filter>
    </ClCompile>
    <ClCompile Include="..\..\tests\managededitor\EditorForm.cpp">
      <Filter>Source Files</Filter>
    </ClCompile>
    <ClCompile Include="..\..\tests\managededitor\EditorMapSettings.cpp">
      <Filter>Source Files</Filter>
    </ClCompile>
    <ClCompile Include="..\..\tests\managededitor\EditorTools.cpp">
      <Filter>Source Files</Filter>
    </ClCompile>
    <ClCompile Include="..\..\tests\managededitor\EntityWrapper.cpp">
      <Filter>Source Files</Filter>
    </ClCompile>
    <ClCompile Include="..\..\tests\managededitor\managededitor.cpp">
      <Filter>Source Files</Filter>
    </ClCompile>
    <ClCompile Include="..\..\tests\managededitor\stdhdr.cpp">
      <Filter>Source Files</Filter>
    </ClCompile>
    <ClCompile Include="..\..\tests\managededitor\ToolPalette.cpp">
      <Filter>Source Files</Filter>
    </ClCompile>
  </ItemGroup>
  <ItemGroup>
    <EmbeddedResource Include="..\..\tests\managededitor\Editor.resx">
      <Filter>Source Files</Filter>
    </EmbeddedResource>
    <EmbeddedResource Include="..\..\tests\managededitor\EditorAbout.resX" />
    <EmbeddedResource Include="..\..\tests\managededitor\EditorForm.resX" />
    <EmbeddedResource Include="..\..\tests\managededitor\EditorMapSettings.resx" />
  </ItemGroup>
  <ItemGroup>
    <ClInclude Include="..\..\tests\managededitor\EditorAbout.h">
      <Filter>Header Files</Filter>
    </ClInclude>
    <ClInclude Include="..\..\tests\managededitor\EditorAppForm.h">
      <Filter>Header Files</Filter>
    </ClInclude>
    <ClInclude Include="..\..\tests\managededitor\EditorDocCmds.h">
      <Filter>Header Files</Filter>
    </ClInclude>
    <ClInclude Include="..\..\tests\managededitor\EditorDocument.h">
      <Filter>Header Files</Filter>
    </ClInclude>
    <ClInclude Include="..\..\tests\managededitor\EditorForm.h">
      <Filter>Header Files</Filter>
    </ClInclude>
    <ClInclude Include="..\..\tests\managededitor\EditorMapSettings.h">
      <Filter>Header Files</Filter>
    </ClInclude>
    <ClInclude Include="..\..\tests\managededitor\EditorTools.h">
      <Filter>Header Files</Filter>
    </ClInclude>
    <ClInclude Include="..\..\tests\managededitor\EntityWrapper.h">
      <Filter>Header Files</Filter>
    </ClInclude>
    <ClInclude Include="..\..\tests\managededitor\stdhdr.h">
      <Filter>Header Files</Filter>
    </ClInclude>
    <ClInclude Include="..\..\tests\managededitor\ToolPalette.h">
      <Filter>Header Files</Filter>
    </ClInclude>
  </ItemGroup>
  <ItemGroup>
    <None Include="..\..\tests\managededitor\placeentity.bmp">
      <Filter>Resource Files</Filter>
    </None>
    <None Include="..\..\tests\managededitor\select.bmp">
      <Filter>Resource Files</Filter>
    </None>
    <None Include="..\..\tests\managededitor\TerrainElevation.bmp">
      <Filter>Resource Files</Filter>
    </None>
    <None Include="..\..\tests\managededitor\TerrainPlateau.bmp">
      <Filter>Resource Files</Filter>
    </None>
  </ItemGroup>
</Project>