<?xml version="1.0" encoding="utf-8"?>
<Project ToolsVersion="4.0" xmlns="http://schemas.microsoft.com/developer/msbuild/2003">
  <ItemGroup>
    <Filter Include="Source Files">
      <UniqueIdentifier>{1ed259ea-7bb6-4d48-a26f-4c61f9a30e31}</UniqueIdentifier>
      <Extensions>cpp;c;cxx;rc;def;r;odl;idl;hpj;bat</Extensions>
    </Filter>
    <Filter Include="Header Files">
      <UniqueIdentifier>{26c76c66-0f7e-4962-b2c0-142e9c51fdbc}</UniqueIdentifier>
      <Extensions>h;hpp;hxx;hm;inl</Extensions>
    </Filter>
    <Filter Include="API">
      <UniqueIdentifier>{7742514f-c3b8-4f24-bbc7-bbac2c9921c3}</UniqueIdentifier>
    </Filter>
  </ItemGroup>
  <ItemGroup>
    <ClCompile Include="..\..\network\netaddress.cpp">
      <Filter>Source Files</Filter>
    </ClCompile>
    <ClCompile Include="..\..\network\netsocket.cpp">
      <Filter>Source Files</Filter>
    </ClCompile>
    <ClCompile Include="..\..\network\network.cpp">
      <Filter>Source Files</Filter>
    </ClCompile>
    <ClCompile Include="..\..\network\stdhdr.cpp">
      <Filter>Source Files</Filter>
    </ClCompile>
  </ItemGroup>
  <ItemGroup>
    <ClInclude Include="..\..\network\netaddress.h">
      <Filter>Header Files</Filter>
    </ClInclude>
    <ClInclude Include="..\..\network\netsocket.h">
      <Filter>Header Files</Filter>
    </ClInclude>
    <ClInclude Include="..\..\network\network.h">
      <Filter>Header Files</Filter>
    </ClInclude>
    <ClInclude Include="..\..\network\stdhdr.h">
      <Filter>Header Files</Filter>
    </ClInclude>
    <ClInclude Include="..\..\api\network\netapi.h">
      <Filter>API</Filter>
    </ClInclude>
    <ClInclude Include="..\..\api\network\netdll.h">
      <Filter>API</Filter>
    </ClInclude>
    <ClInclude Include="..\..\api\network\netguids.h">
      <Filter>API</Filter>
    </ClInclude>
  </ItemGroup>
</Project>