<?xml version="1.0" encoding="utf-8"?>
<Project ToolsVersion="4.0" xmlns="http://schemas.microsoft.com/developer/msbuild/2003">
  <ItemGroup>
    <Filter Include="Source Files">
      <UniqueIdentifier>{65fb24d4-fd5b-4883-a2f6-13993ed43845}</UniqueIdentifier>
      <Extensions>cpp;c;cxx;rc;def;r;odl;idl;hpj;bat</Extensions>
    </Filter>
    <Filter Include="Header Files">
      <UniqueIdentifier>{be27f944-359a-4333-84b4-d34f0899f07e}</UniqueIdentifier>
      <Extensions>h;hpp;hxx;hm;inl</Extensions>
    </Filter>
    <Filter Include="API">
      <UniqueIdentifier>{47c7a859-7781-46c7-9c39-61c9f9c88d2c}</UniqueIdentifier>
    </Filter>
  </ItemGroup>
  <ItemGroup>
    <ClCompile Include="..\..\renderdx\renderdxcamera.cpp">
      <Filter>Source Files</Filter>
    </ClCompile>
    <ClCompile Include="..\..\renderdx\rendererdx.cpp">
      <Filter>Source Files</Filter>
    </ClCompile>
    <ClCompile Include="..\..\renderdx\renderfontd3dx.cpp">
      <Filter>Source Files</Filter>
    </ClCompile>
    <ClCompile Include="..\..\renderdx\rendertargetdx.cpp">
      <Filter>Source Files</Filter>
    </ClCompile>
    <ClCompile Include="..\..\renderdx\stdhdr.cpp">
      <Filter>Source Files</Filter>
    </ClCompile>
  </ItemGroup>
  <ItemGroup>
    <ClInclude Include="..\..\renderdx\renderdxcamera.h">
      <Filter>Header Files</Filter>
    </ClInclude>
    <ClInclude Include="..\..\renderdx\rendererdx.h">
      <Filter>Header Files</Filter>
    </ClInclude>
    <ClInclude Include="..\..\renderdx\renderfontd3dx.h">
      <Filter>Header Files</Filter>
    </ClInclude>
    <ClInclude Include="..\..\renderdx\rendertargetdx.h">
      <Filter>Header Files</Filter>
    </ClInclude>
    <ClInclude Include="..\..\renderdx\stdhdr.h">
      <Filter>Header Files</Filter>
    </ClInclude>
    <ClInclude Include="..\..\api\render\renderapi.h">
      <Filter>API</Filter>
    </ClInclude>
    <ClInclude Include="..\..\api\render\renderdll.h">
      <Filter>API</Filter>
    </ClInclude>
    <ClInclude Include="..\..\api\render\renderfontapi.h">
      <Filter>API</Filter>
    </ClInclude>
    <ClInclude Include="..\..\api\render\renderguids.h">
      <Filter>API</Filter>
    </ClInclude>
  </ItemGroup>
</Project>