<?xml version="1.0" encoding="utf-8"?>
<Project ToolsVersion="4.0" xmlns="http://schemas.microsoft.com/developer/msbuild/2003">
  <ItemGroup>
    <Filter Include="Source Files">
      <UniqueIdentifier>{8135052f-4926-4ea0-9fd3-2f4fef1149af}</UniqueIdentifier>
      <Extensions>cpp;c;cxx;rc;def;r;odl;idl;hpj;bat</Extensions>
    </Filter>
    <Filter Include="Header Files">
      <UniqueIdentifier>{787819ac-9613-46b0-b466-d683dc9c4c46}</UniqueIdentifier>
      <Extensions>h;hpp;hxx;hm;inl</Extensions>
    </Filter>
    <Filter Include="API">
      <UniqueIdentifier>{5e01a8ac-99de-4ef3-8964-ba67f284a884}</UniqueIdentifier>
    </Filter>
  </ItemGroup>
  <ItemGroup>
    <ClCompile Include="..\..\script\luainterp.cpp">
      <Filter>Source Files</Filter>
    </ClCompile>
    <ClCompile Include="..\..\script\luastate.cpp">
      <Filter>Source Files</Filter>
    </ClCompile>
    <ClCompile Include="..\..\script\luautil.cpp">
      <Filter>Source Files</Filter>
    </ClCompile>
    <ClCompile Include="..\..\script\stdhdr.cpp">
      <Filter>Source Files</Filter>
    </ClCompile>
  </ItemGroup>
  <ItemGroup>
    <ClInclude Include="..\..\script\luainterp.h">
      <Filter>Header Files</Filter>
    </ClInclude>
    <ClInclude Include="..\..\script\luastate.h">
      <Filter>Header Files</Filter>
    </ClInclude>
    <ClInclude Include="..\..\script\luautil.h">
      <Filter>Header Files</Filter>
    </ClInclude>
    <ClInclude Include="..\..\script\stdhdr.h">
      <Filter>Header Files</Filter>
    </ClInclude>
    <ClInclude Include="..\..\api\script\scriptapi.h">
      <Filter>API</Filter>
    </ClInclude>
    <ClInclude Include="..\..\api\script\scriptdll.h">
      <Filter>API</Filter>
    </ClInclude>
    <ClInclude Include="..\..\api\script\scriptguids.h">
      <Filter>API</Filter>
    </ClInclude>
  </ItemGroup>
</Project>