Microsoft Visual Studio Solution File, Format Version 9.00
# Visual Studio 2005
Project("{8BC9CEB8-8B4A-11D0-8D11-00A0C91BC942}") = "allguids", "allguids.vcproj", "{7C83A916-1E79-4880-BA04-0BBCA531129C}"
EndProject
Project("{8BC9CEB8-8B4A-11D0-8D11-00A0C91BC942}") = "editor", "editor.vcproj", "{4764E397-0635-449F-99E1-9E7E759F9390}"
	ProjectSection(ProjectDependencies) = postProject
		{E0D0590D-B176-41A9-9AA5-A2B766D3B8E3} = {E0D0590D-B176-41A9-9AA5-A2B766D3B8E3}
		{161217D6-49DF-4F64-A55F-1C7D9E0ACEBD} = {161217D6-49DF-4F64-A55F-1C7D9E0ACEBD}
		{BD5E5BCF-8648-48EA-8B35-04CFE1541E3A} = {BD5E5BCF-8648-48EA-8B35-04CFE1541E3A}
		{5B1DB8CD-0522-43C7-91B1-D558CA7520EB} = {5B1DB8CD-0522-43C7-91B1-D558CA7520EB}
		{254E6E70-A156-4169-9AC3-AD89822FC695} = {254E6E70-A156-4169-9AC3-AD89822FC695}
		{7C83A916-1E79-4880-BA04-0BBCA531129C} = {7C83A916-1E79-4880-BA04-0BBCA531129C}
	EndProjectSection
EndProject
Project("{8BC9CEB8-8B4A-11D0-8D11-00A0C91BC942}") = "engine", "engine.vcproj", "{BD5E5BCF-8648-48EA-8B35-04CFE1541E3A}"
EndProject
Project("{8BC9CEB8-8B4A-11D0-8D11-00A0C91BC942}") = "game", "game.vcproj", "{7DC53734-89E3-4D11-9854-F581B974FA01}"
	ProjectSection(ProjectDependencies) = postProject
		{061FA7FA-9924-4007-B1A5-EEDA41F92C7C} = {061FA7FA-9924-4007-B1A5-EEDA41F92C7C}
		{161217D6-49DF-4F64-A55F-1C7D9E0ACEBD} = {161217D6-49DF-4F64-A55F-1C7D9E0ACEBD}
		{BD5E5BCF-8648-48EA-8B35-04CFE1541E3A} = {BD5E5BCF-8648-48EA-8B35-04CFE1541E3A}
		{5B1DB8CD-0522-43C7-91B1-D558CA7520EB} = {5B1DB8CD-0522-43C7-91B1-D558CA7520EB}
		{254E6E70-A156-4169-9AC3-AD89822FC695} = {254E6E70-A156-4169-9AC3-AD89822FC695}
		{8D62005F-67AB-4874-8577-BE477DBA0D8F} = {8D62005F-67AB-4874-8577-BE477DBA0D8F}
		{7C83A916-1E79-4880-BA04-0BBCA531129C} = {7C83A916-1E79-4880-BA04-0BBCA531129C}
		{1111950D-AF67-4EFC-A24C-7E5E15B15C1A} = {1111950D-AF67-4EFC-A24C-7E5E15B15C1A}
		{E0D0590D-B176-41A9-9AA5-A2B766D3B8E3} = {E0D0590D-B176-41A9-9AA5-A2B766D3B8E3}
	EndProjectSection
EndProject
Project("{8BC9CEB8-8B4A-11D0-8D11-00A0C91BC942}") = "MilkShapeExporter", "MilkShapeExporter.vcproj", "{EC7ACF02-DBE4-488D-89A4-DAE00465DA0F}"
	ProjectSection(ProjectDependencies) = postProject
		{BD5E5BCF-8648-48EA-8B35-04CFE1541E3A} = {BD5E5BCF-8648-48EA-8B35-04CFE1541E3A}
		{5B1DB8CD-0522-43C7-91B1-D558CA7520EB} = {5B1DB8CD-0522-43C7-91B1-D558CA7520EB}
		{7C83A916-1E79-4880-BA04-0BBCA531129C} = {7C83A916-1E79-4880-BA04-0BBCA531129C}
	EndProjectSection
EndProject
Project("{8BC9CEB8-8B4A-11D0-8D11-00A0C91BC942}") = "tech", "tech.vcproj", "{5B1DB8CD-0522-43C7-91B1-D558CA7520EB}"
EndProject
Project("{8BC9CEB8-8B4A-11D0-8D11-00A0C91BC942}") = "gui", "gui.vcproj", "{061FA7FA-9924-4007-B1A5-EEDA41F92C7C}"
EndProject
Project("{8BC9CEB8-8B4A-11D0-8D11-00A0C91BC942}") = "network", "network.vcproj", "{8D62005F-67AB-4874-8577-BE477DBA0D8F}"
EndProject
Project("{8BC9CEB8-8B4A-11D0-8D11-00A0C91BC942}") = "script", "script.vcproj", "{E0D0590D-B176-41A9-9AA5-A2B766D3B8E3}"
EndProject
Project("{8BC9CEB8-8B4A-11D0-8D11-00A0C91BC942}") = "sound", "sound.vcproj", "{1111950D-AF67-4EFC-A24C-7E5E15B15C1A}"
EndProject
Project("{8BC9CEB8-8B4A-11D0-8D11-00A0C91BC942}") = "rendergl", "rendergl.vcproj", "{254E6E70-A156-4169-9AC3-AD89822FC695}"
EndProject
Project("{8BC9CEB8-8B4A-11D0-8D11-00A0C91BC942}") = "platform", "platform.vcproj", "{161217D6-49DF-4F64-A55F-1C7D9E0ACEBD}"
EndProject
Global
	GlobalSection(SolutionConfigurationPlatforms) = preSolution
		Debug|Win32 = Debug|Win32
		Opt|Win32 = Opt|Win32
		Release|Win32 = Release|Win32
		StaticDebug|Win32 = StaticDebug|Win32
		StaticRelease|Win32 = StaticRelease|Win32
	EndGlobalSection
	GlobalSection(ProjectConfigurationPlatforms) = postSolution
		{7C83A916-1E79-4880-BA04-0BBCA531129C}.Debug|Win32.ActiveCfg = Debug|Win32
		{7C83A916-1E79-4880-BA04-0BBCA531129C}.Debug|Win32.Build.0 = Debug|Win32
		{7C83A916-1E79-4880-BA04-0BBCA531129C}.Opt|Win32.ActiveCfg = Opt|Win32
		{7C83A916-1E79-4880-BA04-0BBCA531129C}.Opt|Win32.Build.0 = Opt|Win32
		{7C83A916-1E79-4880-BA04-0BBCA531129C}.Release|Win32.ActiveCfg = Release|Win32
		{7C83A916-1E79-4880-BA04-0BBCA531129C}.Release|Win32.Build.0 = Release|Win32
		{7C83A916-1E79-4880-BA04-0BBCA531129C}.StaticDebug|Win32.ActiveCfg = StaticDebug|Win32
		{7C83A916-1E79-4880-BA04-0BBCA531129C}.StaticDebug|Win32.Build.0 = StaticDebug|Win32
		{7C83A916-1E79-4880-BA04-0BBCA531129C}.StaticRelease|Win32.ActiveCfg = StaticRelease|Win32
		{7C83A916-1E79-4880-BA04-0BBCA531129C}.StaticRelease|Win32.Build.0 = StaticRelease|Win32
		{4764E397-0635-449F-99E1-9E7E759F9390}.Debug|Win32.ActiveCfg = Debug|Win32
		{4764E397-0635-449F-99E1-9E7E759F9390}.Debug|Win32.Build.0 = Debug|Win32
		{4764E397-0635-449F-99E1-9E7E759F9390}.Opt|Win32.ActiveCfg = Opt|Win32
		{4764E397-0635-449F-99E1-9E7E759F9390}.Opt|Win32.Build.0 = Opt|Win32
		{4764E397-0635-449F-99E1-9E7E759F9390}.Release|Win32.ActiveCfg = Release|Win32
		{4764E397-0635-449F-99E1-9E7E759F9390}.Release|Win32.Build.0 = Release|Win32
		{4764E397-0635-449F-99E1-9E7E759F9390}.StaticDebug|Win32.ActiveCfg = StaticDebug|Win32
		{4764E397-0635-449F-99E1-9E7E759F9390}.StaticDebug|Win32.Build.0 = StaticDebug|Win32
		{4764E397-0635-449F-99E1-9E7E759F9390}.StaticRelease|Win32.ActiveCfg = StaticRelease|Win32
		{4764E397-0635-449F-99E1-9E7E759F9390}.StaticRelease|Win32.Build.0 = StaticRelease|Win32
		{BD5E5BCF-8648-48EA-8B35-04CFE1541E3A}.Debug|Win32.ActiveCfg = Debug|Win32
		{BD5E5BCF-8648-48EA-8B35-04CFE1541E3A}.Debug|Win32.Build.0 = Debug|Win32
		{BD5E5BCF-8648-48EA-8B35-04CFE1541E3A}.Opt|Win32.ActiveCfg = Opt|Win32
		{BD5E5BCF-8648-48EA-8B35-04CFE1541E3A}.Opt|Win32.Build.0 = Opt|Win32
		{BD5E5BCF-8648-48EA-8B35-04CFE1541E3A}.Release|Win32.ActiveCfg = Release|Win32
		{BD5E5BCF-8648-48EA-8B35-04CFE1541E3A}.Release|Win32.Build.0 = Release|Win32
		{BD5E5BCF-8648-48EA-8B35-04CFE1541E3A}.StaticDebug|Win32.ActiveCfg = StaticDebug|Win32
		{BD5E5BCF-8648-48EA-8B35-04CFE1541E3A}.StaticDebug|Win32.Build.0 = StaticDebug|Win32
		{BD5E5BCF-8648-48EA-8B35-04CFE1541E3A}.StaticRelease|Win32.ActiveCfg = StaticRelease|Win32
		{BD5E5BCF-8648-48EA-8B35-04CFE1541E3A}.StaticRelease|Win32.Build.0 = StaticRelease|Win32
		{7DC53734-89E3-4D11-9854-F581B974FA01}.Debug|Win32.ActiveCfg = Debug|Win32
		{7DC53734-89E3-4D11-9854-F581B974FA01}.Debug|Win32.Build.0 = Debug|Win32
		{7DC53734-89E3-4D11-9854-F581B974FA01}.Opt|Win32.ActiveCfg = Opt|Win32
		{7DC53734-89E3-4D11-9854-F581B974FA01}.Opt|Win32.Build.0 = Opt|Win32
		{7DC53734-89E3-4D11-9854-F581B974FA01}.Release|Win32.ActiveCfg = Release|Win32
		{7DC53734-89E3-4D11-9854-F581B974FA01}.Release|Win32.Build.0 = Release|Win32
		{7DC53734-89E3-4D11-9854-F581B974FA01}.StaticDebug|Win32.ActiveCfg = StaticDebug|Win32
		{7DC53734-89E3-4D11-9854-F581B974FA01}.StaticDebug|Win32.Build.0 = StaticDebug|Win32
		{7DC53734-89E3-4D11-9854-F581B974FA01}.StaticRelease|Win32.ActiveCfg = StaticRelease|Win32
		{7DC53734-89E3-4D11-9854-F581B974FA01}.StaticRelease|Win32.Build.0 = StaticRelease|Win32
		{EC7ACF02-DBE4-488D-89A4-DAE00465DA0F}.Debug|Win32.ActiveCfg = Debug|Win32
		{EC7ACF02-DBE4-488D-89A4-DAE00465DA0F}.Debug|Win32.Build.0 = Debug|Win32
		{EC7ACF02-DBE4-488D-89A4-DAE00465DA0F}.Opt|Win32.ActiveCfg = Opt|Win32
		{EC7ACF02-DBE4-488D-89A4-DAE00465DA0F}.Opt|Win32.Build.0 = Opt|Win32
		{EC7ACF02-DBE4-488D-89A4-DAE00465DA0F}.Release|Win32.ActiveCfg = Release|Win32
		{EC7ACF02-DBE4-488D-89A4-DAE00465DA0F}.Release|Win32.Build.0 = Release|Win32
		{EC7ACF02-DBE4-488D-89A4-DAE00465DA0F}.StaticDebug|Win32.ActiveCfg = StaticDebug|Win32
		{EC7ACF02-DBE4-488D-89A4-DAE00465DA0F}.StaticDebug|Win32.Build.0 = StaticDebug|Win32
		{EC7ACF02-DBE4-488D-89A4-DAE00465DA0F}.StaticRelease|Win32.ActiveCfg = StaticRelease|Win32
		{EC7ACF02-DBE4-488D-89A4-DAE00465DA0F}.StaticRelease|Win32.Build.0 = StaticRelease|Win32
		{5B1DB8CD-0522-43C7-91B1-D558CA7520EB}.Debug|Win32.ActiveCfg = Debug|Win32
		{5B1DB8CD-0522-43C7-91B1-D558CA7520EB}.Debug|Win32.Build.0 = Debug|Win32
		{5B1DB8CD-0522-43C7-91B1-D558CA7520EB}.Opt|Win32.ActiveCfg = Opt|Win32
		{5B1DB8CD-0522-43C7-91B1-D558CA7520EB}.Opt|Win32.Build.0 = Opt|Win32
		{5B1DB8CD-0522-43C7-91B1-D558CA7520EB}.Release|Win32.ActiveCfg = Release|Win32
		{5B1DB8CD-0522-43C7-91B1-D558CA7520EB}.Release|Win32.Build.0 = Release|Win32
		{5B1DB8CD-0522-43C7-91B1-D558CA7520EB}.StaticDebug|Win32.ActiveCfg = StaticDebug|Win32
		{5B1DB8CD-0522-43C7-91B1-D558CA7520EB}.StaticDebug|Win32.Build.0 = StaticDebug|Win32
		{5B1DB8CD-0522-43C7-91B1-D558CA7520EB}.StaticRelease|Win32.ActiveCfg = StaticRelease|Win32
		{5B1DB8CD-0522-43C7-91B1-D558CA7520EB}.StaticRelease|Win32.Build.0 = StaticRelease|Win32
		{061FA7FA-9924-4007-B1A5-EEDA41F92C7C}.Debug|Win32.ActiveCfg = Debug|Win32
		{061FA7FA-9924-4007-B1A5-EEDA41F92C7C}.Debug|Win32.Build.0 = Debug|Win32
		{061FA7FA-9924-4007-B1A5-EEDA41F92C7C}.Opt|Win32.ActiveCfg = Opt|Win32
		{061FA7FA-9924-4007-B1A5-EEDA41F92C7C}.Opt|Win32.Build.0 = Opt|Win32
		{061FA7FA-9924-4007-B1A5-EEDA41F92C7C}.Release|Win32.ActiveCfg = Release|Win32
		{061FA7FA-9924-4007-B1A5-EEDA41F92C7C}.Release|Win32.Build.0 = Release|Win32
		{061FA7FA-9924-4007-B1A5-EEDA41F92C7C}.StaticDebug|Win32.ActiveCfg = StaticDebug|Win32
		{061FA7FA-9924-4007-B1A5-EEDA41F92C7C}.StaticDebug|Win32.Build.0 = StaticDebug|Win32
		{061FA7FA-9924-4007-B1A5-EEDA41F92C7C}.StaticRelease|Win32.ActiveCfg = StaticRelease|Win32
		{061FA7FA-9924-4007-B1A5-EEDA41F92C7C}.StaticRelease|Win32.Build.0 = StaticRelease|Win32
		{8D62005F-67AB-4874-8577-BE477DBA0D8F}.Debug|Win32.ActiveCfg = Debug|Win32
		{8D62005F-67AB-4874-8577-BE477DBA0D8F}.Debug|Win32.Build.0 = Debug|Win32
		{8D62005F-67AB-4874-8577-BE477DBA0D8F}.Opt|Win32.ActiveCfg = Opt|Win32
		{8D62005F-67AB-4874-8577-BE477DBA0D8F}.Opt|Win32.Build.0 = Opt|Win32
		{8D62005F-67AB-4874-8577-BE477DBA0D8F}.Release|Win32.ActiveCfg = Release|Win32
		{8D62005F-67AB-4874-8577-BE477DBA0D8F}.Release|Win32.Build.0 = Release|Win32
		{8D62005F-67AB-4874-8577-BE477DBA0D8F}.StaticDebug|Win32.ActiveCfg = StaticDebug|Win32
		{8D62005F-67AB-4874-8577-BE477DBA0D8F}.StaticDebug|Win32.Build.0 = StaticDebug|Win32
		{8D62005F-67AB-4874-8577-BE477DBA0D8F}.StaticRelease|Win32.ActiveCfg = StaticRelease|Win32
		{8D62005F-67AB-4874-8577-BE477DBA0D8F}.StaticRelease|Win32.Build.0 = StaticRelease|Win32
		{E0D0590D-B176-41A9-9AA5-A2B766D3B8E3}.Debug|Win32.ActiveCfg = Debug|Win32
		{E0D0590D-B176-41A9-9AA5-A2B766D3B8E3}.Debug|Win32.Build.0 = Debug|Win32
		{E0D0590D-B176-41A9-9AA5-A2B766D3B8E3}.Opt|Win32.ActiveCfg = Opt|Win32
		{E0D0590D-B176-41A9-9AA5-A2B766D3B8E3}.Opt|Win32.Build.0 = Opt|Win32
		{E0D0590D-B176-41A9-9AA5-A2B766D3B8E3}.Release|Win32.ActiveCfg = Release|Win32
		{E0D0590D-B176-41A9-9AA5-A2B766D3B8E3}.Release|Win32.Build.0 = Release|Win32
		{E0D0590D-B176-41A9-9AA5-A2B766D3B8E3}.StaticDebug|Win32.ActiveCfg = StaticDebug|Win32
		{E0D0590D-B176-41A9-9AA5-A2B766D3B8E3}.StaticDebug|Win32.Build.0 = StaticDebug|Win32
		{E0D0590D-B176-41A9-9AA5-A2B766D3B8E3}.StaticRelease|Win32.ActiveCfg = StaticRelease|Win32
		{E0D0590D-B176-41A9-9AA5-A2B766D3B8E3}.StaticRelease|Win32.Build.0 = StaticRelease|Win32
		{1111950D-AF67-4EFC-A24C-7E5E15B15C1A}.Debug|Win32.ActiveCfg = Debug|Win32
		{1111950D-AF67-4EFC-A24C-7E5E15B15C1A}.Debug|Win32.Build.0 = Debug|Win32
		{1111950D-AF67-4EFC-A24C-7E5E15B15C1A}.Opt|Win32.ActiveCfg = Opt|Win32
		{1111950D-AF67-4EFC-A24C-7E5E15B15C1A}.Opt|Win32.Build.0 = Opt|Win32
		{1111950D-AF67-4EFC-A24C-7E5E15B15C1A}.Release|Win32.ActiveCfg = Release|Win32
		{1111950D-AF67-4EFC-A24C-7E5E15B15C1A}.Release|Win32.Build.0 = Release|Win32
		{1111950D-AF67-4EFC-A24C-7E5E15B15C1A}.StaticDebug|Win32.ActiveCfg = StaticDebug|Win32
		{1111950D-AF67-4EFC-A24C-7E5E15B15C1A}.StaticDebug|Win32.Build.0 = StaticDebug|Win32
		{1111950D-AF67-4EFC-A24C-7E5E15B15C1A}.StaticRelease|Win32.ActiveCfg = StaticRelease|Win32
		{1111950D-AF67-4EFC-A24C-7E5E15B15C1A}.StaticRelease|Win32.Build.0 = StaticRelease|Win32
		{254E6E70-A156-4169-9AC3-AD89822FC695}.Debug|Win32.ActiveCfg = Debug|Win32
		{254E6E70-A156-4169-9AC3-AD89822FC695}.Debug|Win32.Build.0 = Debug|Win32
		{254E6E70-A156-4169-9AC3-AD89822FC695}.Opt|Win32.ActiveCfg = Opt|Win32
		{254E6E70-A156-4169-9AC3-AD89822FC695}.Opt|Win32.Build.0 = Opt|Win32
		{254E6E70-A156-4169-9AC3-AD89822FC695}.Release|Win32.ActiveCfg = Release|Win32
		{254E6E70-A156-4169-9AC3-AD89822FC695}.Release|Win32.Build.0 = Release|Win32
		{254E6E70-A156-4169-9AC3-AD89822FC695}.StaticDebug|Win32.ActiveCfg = StaticDebug|Win32
		{254E6E70-A156-4169-9AC3-AD89822FC695}.StaticDebug|Win32.Build.0 = StaticDebug|Win32
		{254E6E70-A156-4169-9AC3-AD89822FC695}.StaticRelease|Win32.ActiveCfg = StaticRelease|Win32
		{254E6E70-A156-4169-9AC3-AD89822FC695}.StaticRelease|Win32.Build.0 = StaticRelease|Win32
		{161217D6-49DF-4F64-A55F-1C7D9E0ACEBD}.Debug|Win32.ActiveCfg = Debug|Win32
		{161217D6-49DF-4F64-A55F-1C7D9E0ACEBD}.Debug|Win32.Build.0 = Debug|Win32
		{161217D6-49DF-4F64-A55F-1C7D9E0ACEBD}.Opt|Win32.ActiveCfg = Opt|Win32
		{161217D6-49DF-4F64-A55F-1C7D9E0ACEBD}.Opt|Win32.Build.0 = Opt|Win32
		{161217D6-49DF-4F64-A55F-1C7D9E0ACEBD}.Release|Win32.ActiveCfg = Release|Win32
		{161217D6-49DF-4F64-A55F-1C7D9E0ACEBD}.Release|Win32.Build.0 = Release|Win32
		{161217D6-49DF-4F64-A55F-1C7D9E0ACEBD}.StaticDebug|Win32.ActiveCfg = StaticDebug|Win32
		{161217D6-49DF-4F64-A55F-1C7D9E0ACEBD}.StaticDebug|Win32.Build.0 = StaticDebug|Win32
		{161217D6-49DF-4F64-A55F-1C7D9E0ACEBD}.StaticRelease|Win32.ActiveCfg = StaticRelease|Win32
		{161217D6-49DF-4F64-A55F-1C7D9E0ACEBD}.StaticRelease|Win32.Build.0 = StaticRelease|Win32
	EndGlobalSection
	GlobalSection(SolutionProperties) = preSolution
		HideSolutionNode = FALSE
	EndGlobalSection
EndGlobal
