Microsoft Visual Studio Solution File, Format Version 9.00
# Visual Studio 2005
Project("{8BC9CEB8-8B4A-11D0-8D11-00A0C91BC942}") = "3rdpartyCg", "3rdpartyCg.vcproj", "{281AC579-4D4A-4408-B651-EA5E100CDD3C}"
EndProject
Project("{8BC9CEB8-8B4A-11D0-8D11-00A0C91BC942}") = "3rdpartyLua", "3rdpartyLua.vcproj", "{B16406AE-07A3-44F9-9A7D-160B23BC3C10}"
EndProject
Project("{8BC9CEB8-8B4A-11D0-8D11-00A0C91BC942}") = "3rdpartyTinyxml", "3rdpartyTinyxml.vcproj", "{38F4DB86-0B20-4C29-8512-F29A6F40E1CD}"
EndProject
Project("{8BC9CEB8-8B4A-11D0-8D11-00A0C91BC942}") = "3rdpartyZlibwapi", "3rdpartyZlibwapi.vcproj", "{9B1E246C-1BEC-44C6-A118-E3A65E8DDB60}"
EndProject
Project("{8BC9CEB8-8B4A-11D0-8D11-00A0C91BC942}") = "allguids", "allguids.vcproj", "{54120FB9-28F7-41DD-90E8-FAC9DAC6ED75}"
EndProject
Project("{8BC9CEB8-8B4A-11D0-8D11-00A0C91BC942}") = "engine", "engine.vcproj", "{F1334822-5BBB-495B-AD67-0F8D7D2A02C9}"
	ProjectSection(ProjectDependencies) = postProject
		{254E6E70-A156-4169-9AC3-AD89822FC695} = {254E6E70-A156-4169-9AC3-AD89822FC695}
		{54120FB9-28F7-41DD-90E8-FAC9DAC6ED75} = {54120FB9-28F7-41DD-90E8-FAC9DAC6ED75}
		{161217D6-49DF-4F64-A55F-1C7D9E0ACEBD} = {161217D6-49DF-4F64-A55F-1C7D9E0ACEBD}
		{7AD65279-9AD3-44EB-BC08-0C7C832A36BA} = {7AD65279-9AD3-44EB-BC08-0C7C832A36BA}
		{E0D0590D-B176-41A9-9AA5-A2B766D3B8E3} = {E0D0590D-B176-41A9-9AA5-A2B766D3B8E3}
		{061FA7FA-9924-4007-B1A5-EEDA41F92C7C} = {061FA7FA-9924-4007-B1A5-EEDA41F92C7C}
	EndProjectSection
EndProject
Project("{8BC9CEB8-8B4A-11D0-8D11-00A0C91BC942}") = "tech", "tech.vcproj", "{7AD65279-9AD3-44EB-BC08-0C7C832A36BA}"
	ProjectSection(ProjectDependencies) = postProject
		{54120FB9-28F7-41DD-90E8-FAC9DAC6ED75} = {54120FB9-28F7-41DD-90E8-FAC9DAC6ED75}
	EndProjectSection
EndProject
Project("{8BC9CEB8-8B4A-11D0-8D11-00A0C91BC942}") = "3rdpartyGlew", "3rdpartyGlew.vcproj", "{AD2D072A-A1DC-4ABC-BE40-0CCDF4376AC5}"
EndProject
Project("{8BC9CEB8-8B4A-11D0-8D11-00A0C91BC942}") = "ms3dview", "ms3dview.vcproj", "{E54269C3-D12F-4EB2-8A61-154E9F0E024D}"
	ProjectSection(ProjectDependencies) = postProject
		{54120FB9-28F7-41DD-90E8-FAC9DAC6ED75} = {54120FB9-28F7-41DD-90E8-FAC9DAC6ED75}
		{7AD65279-9AD3-44EB-BC08-0C7C832A36BA} = {7AD65279-9AD3-44EB-BC08-0C7C832A36BA}
		{F1334822-5BBB-495B-AD67-0F8D7D2A02C9} = {F1334822-5BBB-495B-AD67-0F8D7D2A02C9}
	EndProjectSection
EndProject
Project("{8BC9CEB8-8B4A-11D0-8D11-00A0C91BC942}") = "d3dgui", "d3dgui.vcproj", "{0ECB4A0B-4C5C-4161-870D-E4C3DB2B86A3}"
	ProjectSection(ProjectDependencies) = postProject
		{061FA7FA-9924-4007-B1A5-EEDA41F92C7C} = {061FA7FA-9924-4007-B1A5-EEDA41F92C7C}
		{54120FB9-28F7-41DD-90E8-FAC9DAC6ED75} = {54120FB9-28F7-41DD-90E8-FAC9DAC6ED75}
		{7AD65279-9AD3-44EB-BC08-0C7C832A36BA} = {7AD65279-9AD3-44EB-BC08-0C7C832A36BA}
		{F1334822-5BBB-495B-AD67-0F8D7D2A02C9} = {F1334822-5BBB-495B-AD67-0F8D7D2A02C9}
	EndProjectSection
EndProject
Project("{8BC9CEB8-8B4A-11D0-8D11-00A0C91BC942}") = "gui", "gui.vcproj", "{061FA7FA-9924-4007-B1A5-EEDA41F92C7C}"
	ProjectSection(ProjectDependencies) = postProject
		{54120FB9-28F7-41DD-90E8-FAC9DAC6ED75} = {54120FB9-28F7-41DD-90E8-FAC9DAC6ED75}
		{7AD65279-9AD3-44EB-BC08-0C7C832A36BA} = {7AD65279-9AD3-44EB-BC08-0C7C832A36BA}
		{161217D6-49DF-4F64-A55F-1C7D9E0ACEBD} = {161217D6-49DF-4F64-A55F-1C7D9E0ACEBD}
	EndProjectSection
EndProject
Project("{8BC9CEB8-8B4A-11D0-8D11-00A0C91BC942}") = "ManagedEditor", "managededitor.vcproj", "{235BC7A5-6D7F-4048-8723-BD817A061C92}"
	ProjectSection(ProjectDependencies) = postProject
		{E0D0590D-B176-41A9-9AA5-A2B766D3B8E3} = {E0D0590D-B176-41A9-9AA5-A2B766D3B8E3}
		{161217D6-49DF-4F64-A55F-1C7D9E0ACEBD} = {161217D6-49DF-4F64-A55F-1C7D9E0ACEBD}
		{061FA7FA-9924-4007-B1A5-EEDA41F92C7C} = {061FA7FA-9924-4007-B1A5-EEDA41F92C7C}
		{54120FB9-28F7-41DD-90E8-FAC9DAC6ED75} = {54120FB9-28F7-41DD-90E8-FAC9DAC6ED75}
		{7AD65279-9AD3-44EB-BC08-0C7C832A36BA} = {7AD65279-9AD3-44EB-BC08-0C7C832A36BA}
		{254E6E70-A156-4169-9AC3-AD89822FC695} = {254E6E70-A156-4169-9AC3-AD89822FC695}
		{F1334822-5BBB-495B-AD67-0F8D7D2A02C9} = {F1334822-5BBB-495B-AD67-0F8D7D2A02C9}
	EndProjectSection
EndProject
Project("{8BC9CEB8-8B4A-11D0-8D11-00A0C91BC942}") = "3rdpartyCppUnitLite2", "3rdpartyCppUnitLite2.vcproj", "{5369DDDD-C1CC-46A1-9306-50BC74103DD0}"
EndProject
Project("{8BC9CEB8-8B4A-11D0-8D11-00A0C91BC942}") = "network", "network.vcproj", "{8D62005F-67AB-4874-8577-BE477DBA0D8F}"
	ProjectSection(ProjectDependencies) = postProject
		{54120FB9-28F7-41DD-90E8-FAC9DAC6ED75} = {54120FB9-28F7-41DD-90E8-FAC9DAC6ED75}
		{7AD65279-9AD3-44EB-BC08-0C7C832A36BA} = {7AD65279-9AD3-44EB-BC08-0C7C832A36BA}
	EndProjectSection
EndProject
Project("{8BC9CEB8-8B4A-11D0-8D11-00A0C91BC942}") = "script", "script.vcproj", "{E0D0590D-B176-41A9-9AA5-A2B766D3B8E3}"
	ProjectSection(ProjectDependencies) = postProject
		{54120FB9-28F7-41DD-90E8-FAC9DAC6ED75} = {54120FB9-28F7-41DD-90E8-FAC9DAC6ED75}
		{7AD65279-9AD3-44EB-BC08-0C7C832A36BA} = {7AD65279-9AD3-44EB-BC08-0C7C832A36BA}
	EndProjectSection
EndProject
Project("{8BC9CEB8-8B4A-11D0-8D11-00A0C91BC942}") = "rendergl", "rendergl.vcproj", "{254E6E70-A156-4169-9AC3-AD89822FC695}"
	ProjectSection(ProjectDependencies) = postProject
		{54120FB9-28F7-41DD-90E8-FAC9DAC6ED75} = {54120FB9-28F7-41DD-90E8-FAC9DAC6ED75}
		{7AD65279-9AD3-44EB-BC08-0C7C832A36BA} = {7AD65279-9AD3-44EB-BC08-0C7C832A36BA}
	EndProjectSection
EndProject
Project("{8BC9CEB8-8B4A-11D0-8D11-00A0C91BC942}") = "platform", "platform.vcproj", "{161217D6-49DF-4F64-A55F-1C7D9E0ACEBD}"
	ProjectSection(ProjectDependencies) = postProject
		{7AD65279-9AD3-44EB-BC08-0C7C832A36BA} = {7AD65279-9AD3-44EB-BC08-0C7C832A36BA}
		{54120FB9-28F7-41DD-90E8-FAC9DAC6ED75} = {54120FB9-28F7-41DD-90E8-FAC9DAC6ED75}
	EndProjectSection
EndProject
Global
	GlobalSection(SolutionConfigurationPlatforms) = preSolution
		Debug|Win32 = Debug|Win32
		Opt|Win32 = Opt|Win32
		Release|Win32 = Release|Win32
		StaticDebug|Win32 = StaticDebug|Win32
		StaticRelease|Win32 = StaticRelease|Win32
	EndGlobalSection
	GlobalSection(ProjectConfigurationPlatforms) = postSolution
		{281AC579-4D4A-4408-B651-EA5E100CDD3C}.Debug|Win32.ActiveCfg = Debug|Win32
		{281AC579-4D4A-4408-B651-EA5E100CDD3C}.Debug|Win32.Build.0 = Debug|Win32
		{281AC579-4D4A-4408-B651-EA5E100CDD3C}.Opt|Win32.ActiveCfg = Opt|Win32
		{281AC579-4D4A-4408-B651-EA5E100CDD3C}.Opt|Win32.Build.0 = Opt|Win32
		{281AC579-4D4A-4408-B651-EA5E100CDD3C}.Release|Win32.ActiveCfg = Release|Win32
		{281AC579-4D4A-4408-B651-EA5E100CDD3C}.Release|Win32.Build.0 = Release|Win32
		{281AC579-4D4A-4408-B651-EA5E100CDD3C}.StaticDebug|Win32.ActiveCfg = StaticDebug|Win32
		{281AC579-4D4A-4408-B651-EA5E100CDD3C}.StaticDebug|Win32.Build.0 = StaticDebug|Win32
		{281AC579-4D4A-4408-B651-EA5E100CDD3C}.StaticRelease|Win32.ActiveCfg = StaticRelease|Win32
		{281AC579-4D4A-4408-B651-EA5E100CDD3C}.StaticRelease|Win32.Build.0 = StaticRelease|Win32
		{B16406AE-07A3-44F9-9A7D-160B23BC3C10}.Debug|Win32.ActiveCfg = Debug|Win32
		{B16406AE-07A3-44F9-9A7D-160B23BC3C10}.Debug|Win32.Build.0 = Debug|Win32
		{B16406AE-07A3-44F9-9A7D-160B23BC3C10}.Opt|Win32.ActiveCfg = Opt|Win32
		{B16406AE-07A3-44F9-9A7D-160B23BC3C10}.Opt|Win32.Build.0 = Opt|Win32
		{B16406AE-07A3-44F9-9A7D-160B23BC3C10}.Release|Win32.ActiveCfg = Release|Win32
		{B16406AE-07A3-44F9-9A7D-160B23BC3C10}.Release|Win32.Build.0 = Release|Win32
		{B16406AE-07A3-44F9-9A7D-160B23BC3C10}.StaticDebug|Win32.ActiveCfg = StaticDebug|Win32
		{B16406AE-07A3-44F9-9A7D-160B23BC3C10}.StaticDebug|Win32.Build.0 = StaticDebug|Win32
		{B16406AE-07A3-44F9-9A7D-160B23BC3C10}.StaticRelease|Win32.ActiveCfg = StaticRelease|Win32
		{B16406AE-07A3-44F9-9A7D-160B23BC3C10}.StaticRelease|Win32.Build.0 = StaticRelease|Win32
		{38F4DB86-0B20-4C29-8512-F29A6F40E1CD}.Debug|Win32.ActiveCfg = Debug|Win32
		{38F4DB86-0B20-4C29-8512-F29A6F40E1CD}.Debug|Win32.Build.0 = Debug|Win32
		{38F4DB86-0B20-4C29-8512-F29A6F40E1CD}.Opt|Win32.ActiveCfg = Opt|Win32
		{38F4DB86-0B20-4C29-8512-F29A6F40E1CD}.Opt|Win32.Build.0 = Opt|Win32
		{38F4DB86-0B20-4C29-8512-F29A6F40E1CD}.Release|Win32.ActiveCfg = Release|Win32
		{38F4DB86-0B20-4C29-8512-F29A6F40E1CD}.Release|Win32.Build.0 = Release|Win32
		{38F4DB86-0B20-4C29-8512-F29A6F40E1CD}.StaticDebug|Win32.ActiveCfg = StaticDebug|Win32
		{38F4DB86-0B20-4C29-8512-F29A6F40E1CD}.StaticDebug|Win32.Build.0 = StaticDebug|Win32
		{38F4DB86-0B20-4C29-8512-F29A6F40E1CD}.StaticRelease|Win32.ActiveCfg = StaticRelease|Win32
		{38F4DB86-0B20-4C29-8512-F29A6F40E1CD}.StaticRelease|Win32.Build.0 = StaticRelease|Win32
		{9B1E246C-1BEC-44C6-A118-E3A65E8DDB60}.Debug|Win32.ActiveCfg = Debug|Win32
		{9B1E246C-1BEC-44C6-A118-E3A65E8DDB60}.Debug|Win32.Build.0 = Debug|Win32
		{9B1E246C-1BEC-44C6-A118-E3A65E8DDB60}.Opt|Win32.ActiveCfg = Opt|Win32
		{9B1E246C-1BEC-44C6-A118-E3A65E8DDB60}.Opt|Win32.Build.0 = Opt|Win32
		{9B1E246C-1BEC-44C6-A118-E3A65E8DDB60}.Release|Win32.ActiveCfg = Release|Win32
		{9B1E246C-1BEC-44C6-A118-E3A65E8DDB60}.Release|Win32.Build.0 = Release|Win32
		{9B1E246C-1BEC-44C6-A118-E3A65E8DDB60}.StaticDebug|Win32.ActiveCfg = StaticDebug|Win32
		{9B1E246C-1BEC-44C6-A118-E3A65E8DDB60}.StaticDebug|Win32.Build.0 = StaticDebug|Win32
		{9B1E246C-1BEC-44C6-A118-E3A65E8DDB60}.StaticRelease|Win32.ActiveCfg = StaticRelease|Win32
		{9B1E246C-1BEC-44C6-A118-E3A65E8DDB60}.StaticRelease|Win32.Build.0 = StaticRelease|Win32
		{54120FB9-28F7-41DD-90E8-FAC9DAC6ED75}.Debug|Win32.ActiveCfg = Debug|Win32
		{54120FB9-28F7-41DD-90E8-FAC9DAC6ED75}.Debug|Win32.Build.0 = Debug|Win32
		{54120FB9-28F7-41DD-90E8-FAC9DAC6ED75}.Opt|Win32.ActiveCfg = Opt|Win32
		{54120FB9-28F7-41DD-90E8-FAC9DAC6ED75}.Opt|Win32.Build.0 = Opt|Win32
		{54120FB9-28F7-41DD-90E8-FAC9DAC6ED75}.Release|Win32.ActiveCfg = Release|Win32
		{54120FB9-28F7-41DD-90E8-FAC9DAC6ED75}.Release|Win32.Build.0 = Release|Win32
		{54120FB9-28F7-41DD-90E8-FAC9DAC6ED75}.StaticDebug|Win32.ActiveCfg = StaticDebug|Win32
		{54120FB9-28F7-41DD-90E8-FAC9DAC6ED75}.StaticDebug|Win32.Build.0 = StaticDebug|Win32
		{54120FB9-28F7-41DD-90E8-FAC9DAC6ED75}.StaticRelease|Win32.ActiveCfg = StaticRelease|Win32
		{54120FB9-28F7-41DD-90E8-FAC9DAC6ED75}.StaticRelease|Win32.Build.0 = StaticRelease|Win32
		{F1334822-5BBB-495B-AD67-0F8D7D2A02C9}.Debug|Win32.ActiveCfg = Debug|Win32
		{F1334822-5BBB-495B-AD67-0F8D7D2A02C9}.Debug|Win32.Build.0 = Debug|Win32
		{F1334822-5BBB-495B-AD67-0F8D7D2A02C9}.Opt|Win32.ActiveCfg = Opt|Win32
		{F1334822-5BBB-495B-AD67-0F8D7D2A02C9}.Opt|Win32.Build.0 = Opt|Win32
		{F1334822-5BBB-495B-AD67-0F8D7D2A02C9}.Release|Win32.ActiveCfg = Release|Win32
		{F1334822-5BBB-495B-AD67-0F8D7D2A02C9}.Release|Win32.Build.0 = Release|Win32
		{F1334822-5BBB-495B-AD67-0F8D7D2A02C9}.StaticDebug|Win32.ActiveCfg = StaticDebug|Win32
		{F1334822-5BBB-495B-AD67-0F8D7D2A02C9}.StaticDebug|Win32.Build.0 = StaticDebug|Win32
		{F1334822-5BBB-495B-AD67-0F8D7D2A02C9}.StaticRelease|Win32.ActiveCfg = StaticRelease|Win32
		{F1334822-5BBB-495B-AD67-0F8D7D2A02C9}.StaticRelease|Win32.Build.0 = StaticRelease|Win32
		{7AD65279-9AD3-44EB-BC08-0C7C832A36BA}.Debug|Win32.ActiveCfg = Debug|Win32
		{7AD65279-9AD3-44EB-BC08-0C7C832A36BA}.Debug|Win32.Build.0 = Debug|Win32
		{7AD65279-9AD3-44EB-BC08-0C7C832A36BA}.Opt|Win32.ActiveCfg = Opt|Win32
		{7AD65279-9AD3-44EB-BC08-0C7C832A36BA}.Opt|Win32.Build.0 = Opt|Win32
		{7AD65279-9AD3-44EB-BC08-0C7C832A36BA}.Release|Win32.ActiveCfg = Release|Win32
		{7AD65279-9AD3-44EB-BC08-0C7C832A36BA}.Release|Win32.Build.0 = Release|Win32
		{7AD65279-9AD3-44EB-BC08-0C7C832A36BA}.StaticDebug|Win32.ActiveCfg = StaticDebug|Win32
		{7AD65279-9AD3-44EB-BC08-0C7C832A36BA}.StaticDebug|Win32.Build.0 = StaticDebug|Win32
		{7AD65279-9AD3-44EB-BC08-0C7C832A36BA}.StaticRelease|Win32.ActiveCfg = StaticRelease|Win32
		{7AD65279-9AD3-44EB-BC08-0C7C832A36BA}.StaticRelease|Win32.Build.0 = StaticRelease|Win32
		{AD2D072A-A1DC-4ABC-BE40-0CCDF4376AC5}.Debug|Win32.ActiveCfg = Debug|Win32
		{AD2D072A-A1DC-4ABC-BE40-0CCDF4376AC5}.Debug|Win32.Build.0 = Debug|Win32
		{AD2D072A-A1DC-4ABC-BE40-0CCDF4376AC5}.Opt|Win32.ActiveCfg = Opt|Win32
		{AD2D072A-A1DC-4ABC-BE40-0CCDF4376AC5}.Opt|Win32.Build.0 = Opt|Win32
		{AD2D072A-A1DC-4ABC-BE40-0CCDF4376AC5}.Release|Win32.ActiveCfg = Release|Win32
		{AD2D072A-A1DC-4ABC-BE40-0CCDF4376AC5}.Release|Win32.Build.0 = Release|Win32
		{AD2D072A-A1DC-4ABC-BE40-0CCDF4376AC5}.StaticDebug|Win32.ActiveCfg = StaticDebug|Win32
		{AD2D072A-A1DC-4ABC-BE40-0CCDF4376AC5}.StaticDebug|Win32.Build.0 = StaticDebug|Win32
		{AD2D072A-A1DC-4ABC-BE40-0CCDF4376AC5}.StaticRelease|Win32.ActiveCfg = StaticRelease|Win32
		{AD2D072A-A1DC-4ABC-BE40-0CCDF4376AC5}.StaticRelease|Win32.Build.0 = StaticRelease|Win32
		{E54269C3-D12F-4EB2-8A61-154E9F0E024D}.Debug|Win32.ActiveCfg = Debug|Win32
		{E54269C3-D12F-4EB2-8A61-154E9F0E024D}.Debug|Win32.Build.0 = Debug|Win32
		{E54269C3-D12F-4EB2-8A61-154E9F0E024D}.Opt|Win32.ActiveCfg = Release|Win32
		{E54269C3-D12F-4EB2-8A61-154E9F0E024D}.Opt|Win32.Build.0 = Release|Win32
		{E54269C3-D12F-4EB2-8A61-154E9F0E024D}.Release|Win32.ActiveCfg = Release|Win32
		{E54269C3-D12F-4EB2-8A61-154E9F0E024D}.Release|Win32.Build.0 = Release|Win32
		{E54269C3-D12F-4EB2-8A61-154E9F0E024D}.StaticDebug|Win32.ActiveCfg = Debug|Win32
		{E54269C3-D12F-4EB2-8A61-154E9F0E024D}.StaticDebug|Win32.Build.0 = Debug|Win32
		{E54269C3-D12F-4EB2-8A61-154E9F0E024D}.StaticRelease|Win32.ActiveCfg = Release|Win32
		{E54269C3-D12F-4EB2-8A61-154E9F0E024D}.StaticRelease|Win32.Build.0 = Release|Win32
		{0ECB4A0B-4C5C-4161-870D-E4C3DB2B86A3}.Debug|Win32.ActiveCfg = Debug|Win32
		{0ECB4A0B-4C5C-4161-870D-E4C3DB2B86A3}.Debug|Win32.Build.0 = Debug|Win32
		{0ECB4A0B-4C5C-4161-870D-E4C3DB2B86A3}.Opt|Win32.ActiveCfg = Opt|Win32
		{0ECB4A0B-4C5C-4161-870D-E4C3DB2B86A3}.Opt|Win32.Build.0 = Opt|Win32
		{0ECB4A0B-4C5C-4161-870D-E4C3DB2B86A3}.Release|Win32.ActiveCfg = Release|Win32
		{0ECB4A0B-4C5C-4161-870D-E4C3DB2B86A3}.Release|Win32.Build.0 = Release|Win32
		{0ECB4A0B-4C5C-4161-870D-E4C3DB2B86A3}.StaticDebug|Win32.ActiveCfg = StaticDebug|Win32
		{0ECB4A0B-4C5C-4161-870D-E4C3DB2B86A3}.StaticDebug|Win32.Build.0 = StaticDebug|Win32
		{0ECB4A0B-4C5C-4161-870D-E4C3DB2B86A3}.StaticRelease|Win32.ActiveCfg = StaticRelease|Win32
		{0ECB4A0B-4C5C-4161-870D-E4C3DB2B86A3}.StaticRelease|Win32.Build.0 = StaticRelease|Win32
		{061FA7FA-9924-4007-B1A5-EEDA41F92C7C}.Debug|Win32.ActiveCfg = Debug|Win32
		{061FA7FA-9924-4007-B1A5-EEDA41F92C7C}.Debug|Win32.Build.0 = Debug|Win32
		{061FA7FA-9924-4007-B1A5-EEDA41F92C7C}.Opt|Win32.ActiveCfg = Opt|Win32
		{061FA7FA-9924-4007-B1A5-EEDA41F92C7C}.Opt|Win32.Build.0 = Opt|Win32
		{061FA7FA-9924-4007-B1A5-EEDA41F92C7C}.Release|Win32.ActiveCfg = Release|Win32
		{061FA7FA-9924-4007-B1A5-EEDA41F92C7C}.Release|Win32.Build.0 = Release|Win32
		{061FA7FA-9924-4007-B1A5-EEDA41F92C7C}.StaticDebug|Win32.ActiveCfg = StaticDebug|Win32
		{061FA7FA-9924-4007-B1A5-EEDA41F92C7C}.StaticDebug|Win32.Build.0 = StaticDebug|Win32
		{061FA7FA-9924-4007-B1A5-EEDA41F92C7C}.StaticRelease|Win32.ActiveCfg = StaticRelease|Win32
		{061FA7FA-9924-4007-B1A5-EEDA41F92C7C}.StaticRelease|Win32.Build.0 = StaticRelease|Win32
		{235BC7A5-6D7F-4048-8723-BD817A061C92}.Debug|Win32.ActiveCfg = Debug|Win32
		{235BC7A5-6D7F-4048-8723-BD817A061C92}.Debug|Win32.Build.0 = Debug|Win32
		{235BC7A5-6D7F-4048-8723-BD817A061C92}.Opt|Win32.ActiveCfg = Opt|Win32
		{235BC7A5-6D7F-4048-8723-BD817A061C92}.Opt|Win32.Build.0 = Opt|Win32
		{235BC7A5-6D7F-4048-8723-BD817A061C92}.Release|Win32.ActiveCfg = Release|Win32
		{235BC7A5-6D7F-4048-8723-BD817A061C92}.Release|Win32.Build.0 = Release|Win32
		{235BC7A5-6D7F-4048-8723-BD817A061C92}.StaticDebug|Win32.ActiveCfg = StaticDebug|Win32
		{235BC7A5-6D7F-4048-8723-BD817A061C92}.StaticDebug|Win32.Build.0 = StaticDebug|Win32
		{235BC7A5-6D7F-4048-8723-BD817A061C92}.StaticRelease|Win32.ActiveCfg = StaticRelease|Win32
		{235BC7A5-6D7F-4048-8723-BD817A061C92}.StaticRelease|Win32.Build.0 = StaticRelease|Win32
		{5369DDDD-C1CC-46A1-9306-50BC74103DD0}.Debug|Win32.ActiveCfg = Debug|Win32
		{5369DDDD-C1CC-46A1-9306-50BC74103DD0}.Debug|Win32.Build.0 = Debug|Win32
		{5369DDDD-C1CC-46A1-9306-50BC74103DD0}.Opt|Win32.ActiveCfg = Opt|Win32
		{5369DDDD-C1CC-46A1-9306-50BC74103DD0}.Opt|Win32.Build.0 = Opt|Win32
		{5369DDDD-C1CC-46A1-9306-50BC74103DD0}.Release|Win32.ActiveCfg = Release|Win32
		{5369DDDD-C1CC-46A1-9306-50BC74103DD0}.Release|Win32.Build.0 = Release|Win32
		{5369DDDD-C1CC-46A1-9306-50BC74103DD0}.StaticDebug|Win32.ActiveCfg = StaticDebug|Win32
		{5369DDDD-C1CC-46A1-9306-50BC74103DD0}.StaticDebug|Win32.Build.0 = StaticDebug|Win32
		{5369DDDD-C1CC-46A1-9306-50BC74103DD0}.StaticRelease|Win32.ActiveCfg = StaticRelease|Win32
		{5369DDDD-C1CC-46A1-9306-50BC74103DD0}.StaticRelease|Win32.Build.0 = StaticRelease|Win32
		{8D62005F-67AB-4874-8577-BE477DBA0D8F}.Debug|Win32.ActiveCfg = Debug|Win32
		{8D62005F-67AB-4874-8577-BE477DBA0D8F}.Debug|Win32.Build.0 = Debug|Win32
		{8D62005F-67AB-4874-8577-BE477DBA0D8F}.Opt|Win32.ActiveCfg = Opt|Win32
		{8D62005F-67AB-4874-8577-BE477DBA0D8F}.Opt|Win32.Build.0 = Opt|Win32
		{8D62005F-67AB-4874-8577-BE477DBA0D8F}.Release|Win32.ActiveCfg = Release|Win32
		{8D62005F-67AB-4874-8577-BE477DBA0D8F}.Release|Win32.Build.0 = Release|Win32
		{8D62005F-67AB-4874-8577-BE477DBA0D8F}.StaticDebug|Win32.ActiveCfg = StaticDebug|Win32
		{8D62005F-67AB-4874-8577-BE477DBA0D8F}.StaticDebug|Win32.Build.0 = StaticDebug|Win32
		{8D62005F-67AB-4874-8577-BE477DBA0D8F}.StaticRelease|Win32.ActiveCfg = StaticRelease|Win32
		{8D62005F-67AB-4874-8577-BE477DBA0D8F}.StaticRelease|Win32.Build.0 = StaticRelease|Win32
		{E0D0590D-B176-41A9-9AA5-A2B766D3B8E3}.Debug|Win32.ActiveCfg = Debug|Win32
		{E0D0590D-B176-41A9-9AA5-A2B766D3B8E3}.Debug|Win32.Build.0 = Debug|Win32
		{E0D0590D-B176-41A9-9AA5-A2B766D3B8E3}.Opt|Win32.ActiveCfg = Opt|Win32
		{E0D0590D-B176-41A9-9AA5-A2B766D3B8E3}.Opt|Win32.Build.0 = Opt|Win32
		{E0D0590D-B176-41A9-9AA5-A2B766D3B8E3}.Release|Win32.ActiveCfg = Release|Win32
		{E0D0590D-B176-41A9-9AA5-A2B766D3B8E3}.Release|Win32.Build.0 = Release|Win32
		{E0D0590D-B176-41A9-9AA5-A2B766D3B8E3}.StaticDebug|Win32.ActiveCfg = StaticDebug|Win32
		{E0D0590D-B176-41A9-9AA5-A2B766D3B8E3}.StaticDebug|Win32.Build.0 = StaticDebug|Win32
		{E0D0590D-B176-41A9-9AA5-A2B766D3B8E3}.StaticRelease|Win32.ActiveCfg = StaticRelease|Win32
		{E0D0590D-B176-41A9-9AA5-A2B766D3B8E3}.StaticRelease|Win32.Build.0 = StaticRelease|Win32
		{254E6E70-A156-4169-9AC3-AD89822FC695}.Debug|Win32.ActiveCfg = Debug|Win32
		{254E6E70-A156-4169-9AC3-AD89822FC695}.Debug|Win32.Build.0 = Debug|Win32
		{254E6E70-A156-4169-9AC3-AD89822FC695}.Opt|Win32.ActiveCfg = Opt|Win32
		{254E6E70-A156-4169-9AC3-AD89822FC695}.Opt|Win32.Build.0 = Opt|Win32
		{254E6E70-A156-4169-9AC3-AD89822FC695}.Release|Win32.ActiveCfg = Release|Win32
		{254E6E70-A156-4169-9AC3-AD89822FC695}.Release|Win32.Build.0 = Release|Win32
		{254E6E70-A156-4169-9AC3-AD89822FC695}.StaticDebug|Win32.ActiveCfg = StaticDebug|Win32
		{254E6E70-A156-4169-9AC3-AD89822FC695}.StaticDebug|Win32.Build.0 = StaticDebug|Win32
		{254E6E70-A156-4169-9AC3-AD89822FC695}.StaticRelease|Win32.ActiveCfg = StaticRelease|Win32
		{254E6E70-A156-4169-9AC3-AD89822FC695}.StaticRelease|Win32.Build.0 = StaticRelease|Win32
		{161217D6-49DF-4F64-A55F-1C7D9E0ACEBD}.Debug|Win32.ActiveCfg = Debug|Win32
		{161217D6-49DF-4F64-A55F-1C7D9E0ACEBD}.Debug|Win32.Build.0 = Debug|Win32
		{161217D6-49DF-4F64-A55F-1C7D9E0ACEBD}.Opt|Win32.ActiveCfg = Opt|Win32
		{161217D6-49DF-4F64-A55F-1C7D9E0ACEBD}.Opt|Win32.Build.0 = Opt|Win32
		{161217D6-49DF-4F64-A55F-1C7D9E0ACEBD}.Release|Win32.ActiveCfg = Release|Win32
		{161217D6-49DF-4F64-A55F-1C7D9E0ACEBD}.Release|Win32.Build.0 = Release|Win32
		{161217D6-49DF-4F64-A55F-1C7D9E0ACEBD}.StaticDebug|Win32.ActiveCfg = StaticDebug|Win32
		{161217D6-49DF-4F64-A55F-1C7D9E0ACEBD}.StaticDebug|Win32.Build.0 = StaticDebug|Win32
		{161217D6-49DF-4F64-A55F-1C7D9E0ACEBD}.StaticRelease|Win32.ActiveCfg = StaticRelease|Win32
		{161217D6-49DF-4F64-A55F-1C7D9E0ACEBD}.StaticRelease|Win32.Build.0 = StaticRelease|Win32
	EndGlobalSection
	GlobalSection(SolutionProperties) = preSolution
		HideSolutionNode = FALSE
	EndGlobalSection
EndGlobal
