Microsoft Visual Studio Solution File, Format Version 8.00
Project("{8BC9CEB8-8B4A-11D0-8D11-00A0C91BC942}") = "nettest", "nettest.vcproj", "{B44200A7-CB5F-470C-A15E-6049AF21A132}"
	ProjectSection(ProjectDependencies) = postProject
		{5B70E427-FBFC-487B-AC26-2275C8F1CAB6} = {5B70E427-FBFC-487B-AC26-2275C8F1CAB6}
		{4C543831-CB6A-4ED4-974F-09E8B51EE128} = {4C543831-CB6A-4ED4-974F-09E8B51EE128}
	EndProjectSection
EndProject
Project("{8BC9CEB8-8B4A-11D0-8D11-00A0C91BC942}") = "allguids", "allguids.vcproj", "{5B70E427-FBFC-487B-AC26-2275C8F1CAB6}"
	ProjectSection(ProjectDependencies) = postProject
	EndProjectSection
EndProject
Project("{8BC9CEB8-8B4A-11D0-8D11-00A0C91BC942}") = "tech", "tech.vcproj", "{4C543831-CB6A-4ED4-974F-09E8B51EE128}"
	ProjectSection(ProjectDependencies) = postProject
		{5B70E427-FBFC-487B-AC26-2275C8F1CAB6} = {5B70E427-FBFC-487B-AC26-2275C8F1CAB6}
	EndProjectSection
EndProject
Global
	GlobalSection(SolutionConfiguration) = preSolution
		Debug = Debug
		Opt = Opt
		Release = Release
		StaticDebug = StaticDebug
		StaticRelease = StaticRelease
	EndGlobalSection
	GlobalSection(ProjectConfiguration) = postSolution
		{B44200A7-CB5F-470C-A15E-6049AF21A132}.Debug.ActiveCfg = Debug|Win32
		{B44200A7-CB5F-470C-A15E-6049AF21A132}.Debug.Build.0 = Debug|Win32
		{B44200A7-CB5F-470C-A15E-6049AF21A132}.Opt.ActiveCfg = Release|Win32
		{B44200A7-CB5F-470C-A15E-6049AF21A132}.Opt.Build.0 = Release|Win32
		{B44200A7-CB5F-470C-A15E-6049AF21A132}.Release.ActiveCfg = Release|Win32
		{B44200A7-CB5F-470C-A15E-6049AF21A132}.Release.Build.0 = Release|Win32
		{B44200A7-CB5F-470C-A15E-6049AF21A132}.StaticDebug.ActiveCfg = Debug|Win32
		{B44200A7-CB5F-470C-A15E-6049AF21A132}.StaticDebug.Build.0 = Debug|Win32
		{B44200A7-CB5F-470C-A15E-6049AF21A132}.StaticRelease.ActiveCfg = Release|Win32
		{B44200A7-CB5F-470C-A15E-6049AF21A132}.StaticRelease.Build.0 = Release|Win32
		{5B70E427-FBFC-487B-AC26-2275C8F1CAB6}.Debug.ActiveCfg = Debug|Win32
		{5B70E427-FBFC-487B-AC26-2275C8F1CAB6}.Debug.Build.0 = Debug|Win32
		{5B70E427-FBFC-487B-AC26-2275C8F1CAB6}.Opt.ActiveCfg = Opt|Win32
		{5B70E427-FBFC-487B-AC26-2275C8F1CAB6}.Opt.Build.0 = Opt|Win32
		{5B70E427-FBFC-487B-AC26-2275C8F1CAB6}.Release.ActiveCfg = Release|Win32
		{5B70E427-FBFC-487B-AC26-2275C8F1CAB6}.Release.Build.0 = Release|Win32
		{5B70E427-FBFC-487B-AC26-2275C8F1CAB6}.StaticDebug.ActiveCfg = StaticDebug|Win32
		{5B70E427-FBFC-487B-AC26-2275C8F1CAB6}.StaticDebug.Build.0 = StaticDebug|Win32
		{5B70E427-FBFC-487B-AC26-2275C8F1CAB6}.StaticRelease.ActiveCfg = StaticRelease|Win32
		{5B70E427-FBFC-487B-AC26-2275C8F1CAB6}.StaticRelease.Build.0 = StaticRelease|Win32
		{4C543831-CB6A-4ED4-974F-09E8B51EE128}.Debug.ActiveCfg = Debug|Win32
		{4C543831-CB6A-4ED4-974F-09E8B51EE128}.Debug.Build.0 = Debug|Win32
		{4C543831-CB6A-4ED4-974F-09E8B51EE128}.Opt.ActiveCfg = Opt|Win32
		{4C543831-CB6A-4ED4-974F-09E8B51EE128}.Opt.Build.0 = Opt|Win32
		{4C543831-CB6A-4ED4-974F-09E8B51EE128}.Release.ActiveCfg = Release|Win32
		{4C543831-CB6A-4ED4-974F-09E8B51EE128}.Release.Build.0 = Release|Win32
		{4C543831-CB6A-4ED4-974F-09E8B51EE128}.StaticDebug.ActiveCfg = StaticDebug|Win32
		{4C543831-CB6A-4ED4-974F-09E8B51EE128}.StaticDebug.Build.0 = StaticDebug|Win32
		{4C543831-CB6A-4ED4-974F-09E8B51EE128}.StaticRelease.ActiveCfg = StaticRelease|Win32
		{4C543831-CB6A-4ED4-974F-09E8B51EE128}.StaticRelease.Build.0 = StaticRelease|Win32
	EndGlobalSection
	GlobalSection(ExtensibilityGlobals) = postSolution
	EndGlobalSection
	GlobalSection(ExtensibilityAddIns) = postSolution
	EndGlobalSection
EndGlobal
