Microsoft Visual Studio Solution File, Format Version 8.00
Project("{8BC9CEB8-8B4A-11D0-8D11-00A0C91BC942}") = "allguids", "allguids.vcproj", "{7C83A916-1E79-4880-BA04-0BBCA531129C}"
	ProjectSection(ProjectDependencies) = postProject
	EndProjectSection
EndProject
Project("{8BC9CEB8-8B4A-11D0-8D11-00A0C91BC942}") = "engine", "engine.vcproj", "{BD5E5BCF-8648-48EA-8B35-04CFE1541E3A}"
	ProjectSection(ProjectDependencies) = postProject
	EndProjectSection
EndProject
Project("{8BC9CEB8-8B4A-11D0-8D11-00A0C91BC942}") = "testgame", "testgame.vcproj", "{7DC53734-89E3-4D11-9854-F581B974FA01}"
	ProjectSection(ProjectDependencies) = postProject
		{E0D0590D-B176-41A9-9AA5-A2B766D3B8E3} = {E0D0590D-B176-41A9-9AA5-A2B766D3B8E3}
		{1111950D-AF67-4EFC-A24C-7E5E15B15C1A} = {1111950D-AF67-4EFC-A24C-7E5E15B15C1A}
		{7C83A916-1E79-4880-BA04-0BBCA531129C} = {7C83A916-1E79-4880-BA04-0BBCA531129C}
		{F1334822-5BBB-495B-AD67-0F8D7D2A02C9} = {F1334822-5BBB-495B-AD67-0F8D7D2A02C9}
		{254E6E70-A156-4169-9AC3-AD89822FC695} = {254E6E70-A156-4169-9AC3-AD89822FC695}
		{A1E6C7C6-3175-4C72-B2D6-3C6BAFB8DC71} = {A1E6C7C6-3175-4C72-B2D6-3C6BAFB8DC71}
		{5B1DB8CD-0522-43C7-91B1-D558CA7520EB} = {5B1DB8CD-0522-43C7-91B1-D558CA7520EB}
		{BD5E5BCF-8648-48EA-8B35-04CFE1541E3A} = {BD5E5BCF-8648-48EA-8B35-04CFE1541E3A}
		{161217D6-49DF-4F64-A55F-1C7D9E0ACEBD} = {161217D6-49DF-4F64-A55F-1C7D9E0ACEBD}
		{061FA7FA-9924-4007-B1A5-EEDA41F92C7C} = {061FA7FA-9924-4007-B1A5-EEDA41F92C7C}
	EndProjectSection
EndProject
Project("{8BC9CEB8-8B4A-11D0-8D11-00A0C91BC942}") = "MilkShapeExporter", "MilkShapeExporter.vcproj", "{EC7ACF02-DBE4-488D-89A4-DAE00465DA0F}"
	ProjectSection(ProjectDependencies) = postProject
		{7C83A916-1E79-4880-BA04-0BBCA531129C} = {7C83A916-1E79-4880-BA04-0BBCA531129C}
		{5B1DB8CD-0522-43C7-91B1-D558CA7520EB} = {5B1DB8CD-0522-43C7-91B1-D558CA7520EB}
		{BD5E5BCF-8648-48EA-8B35-04CFE1541E3A} = {BD5E5BCF-8648-48EA-8B35-04CFE1541E3A}
	EndProjectSection
EndProject
Project("{8BC9CEB8-8B4A-11D0-8D11-00A0C91BC942}") = "tech", "tech.vcproj", "{5B1DB8CD-0522-43C7-91B1-D558CA7520EB}"
	ProjectSection(ProjectDependencies) = postProject
	EndProjectSection
EndProject
Project("{8BC9CEB8-8B4A-11D0-8D11-00A0C91BC942}") = "gui", "gui.vcproj", "{061FA7FA-9924-4007-B1A5-EEDA41F92C7C}"
	ProjectSection(ProjectDependencies) = postProject
	EndProjectSection
EndProject
Project("{8BC9CEB8-8B4A-11D0-8D11-00A0C91BC942}") = "network", "network.vcproj", "{F1334822-5BBB-495B-AD67-0F8D7D2A02C9}"
	ProjectSection(ProjectDependencies) = postProject
	EndProjectSection
EndProject
Project("{8BC9CEB8-8B4A-11D0-8D11-00A0C91BC942}") = "script", "script.vcproj", "{E0D0590D-B176-41A9-9AA5-A2B766D3B8E3}"
	ProjectSection(ProjectDependencies) = postProject
	EndProjectSection
EndProject
Project("{8BC9CEB8-8B4A-11D0-8D11-00A0C91BC942}") = "sound", "sound.vcproj", "{1111950D-AF67-4EFC-A24C-7E5E15B15C1A}"
	ProjectSection(ProjectDependencies) = postProject
	EndProjectSection
EndProject
Project("{8BC9CEB8-8B4A-11D0-8D11-00A0C91BC942}") = "rendergl", "rendergl.vcproj", "{254E6E70-A156-4169-9AC3-AD89822FC695}"
	ProjectSection(ProjectDependencies) = postProject
	EndProjectSection
EndProject
Project("{8BC9CEB8-8B4A-11D0-8D11-00A0C91BC942}") = "platform", "platform.vcproj", "{161217D6-49DF-4F64-A55F-1C7D9E0ACEBD}"
	ProjectSection(ProjectDependencies) = postProject
	EndProjectSection
EndProject
Project("{8BC9CEB8-8B4A-11D0-8D11-00A0C91BC942}") = "mfceditor", "mfceditor.vcproj", "{4764E397-0635-449F-99E1-9E7E759F9390}"
	ProjectSection(ProjectDependencies) = postProject
		{E0D0590D-B176-41A9-9AA5-A2B766D3B8E3} = {E0D0590D-B176-41A9-9AA5-A2B766D3B8E3}
		{7C83A916-1E79-4880-BA04-0BBCA531129C} = {7C83A916-1E79-4880-BA04-0BBCA531129C}
		{254E6E70-A156-4169-9AC3-AD89822FC695} = {254E6E70-A156-4169-9AC3-AD89822FC695}
		{A1E6C7C6-3175-4C72-B2D6-3C6BAFB8DC71} = {A1E6C7C6-3175-4C72-B2D6-3C6BAFB8DC71}
		{5B1DB8CD-0522-43C7-91B1-D558CA7520EB} = {5B1DB8CD-0522-43C7-91B1-D558CA7520EB}
		{BD5E5BCF-8648-48EA-8B35-04CFE1541E3A} = {BD5E5BCF-8648-48EA-8B35-04CFE1541E3A}
		{161217D6-49DF-4F64-A55F-1C7D9E0ACEBD} = {161217D6-49DF-4F64-A55F-1C7D9E0ACEBD}
	EndProjectSection
EndProject
Project("{8BC9CEB8-8B4A-11D0-8D11-00A0C91BC942}") = "ai", "ai.vcproj", "{A1E6C7C6-3175-4C72-B2D6-3C6BAFB8DC71}"
	ProjectSection(ProjectDependencies) = postProject
	EndProjectSection
EndProject
Project("{8BC9CEB8-8B4A-11D0-8D11-00A0C91BC942}") = "imagegen", "imagegen.vcproj", "{41794DA6-0A27-4E8C-9F69-0BF4A1A24B6D}"
	ProjectSection(ProjectDependencies) = postProject
		{7C83A916-1E79-4880-BA04-0BBCA531129C} = {7C83A916-1E79-4880-BA04-0BBCA531129C}
		{5B1DB8CD-0522-43C7-91B1-D558CA7520EB} = {5B1DB8CD-0522-43C7-91B1-D558CA7520EB}
		{161217D6-49DF-4F64-A55F-1C7D9E0ACEBD} = {161217D6-49DF-4F64-A55F-1C7D9E0ACEBD}
	EndProjectSection
EndProject
Project("{8BC9CEB8-8B4A-11D0-8D11-00A0C91BC942}") = "renderdx", "renderdx.vcproj", "{E90B95DE-C73A-498D-93F4-CFA262779282}"
	ProjectSection(ProjectDependencies) = postProject
	EndProjectSection
EndProject
Global
	GlobalSection(SolutionConfiguration) = preSolution
		Debug = Debug
		Opt = Opt
		Release = Release
		StaticDebug = StaticDebug
		StaticRelease = StaticRelease
	EndGlobalSection
	GlobalSection(ProjectConfiguration) = postSolution
		{7C83A916-1E79-4880-BA04-0BBCA531129C}.Debug.ActiveCfg = Debug|Win32
		{7C83A916-1E79-4880-BA04-0BBCA531129C}.Debug.Build.0 = Debug|Win32
		{7C83A916-1E79-4880-BA04-0BBCA531129C}.Opt.ActiveCfg = Opt|Win32
		{7C83A916-1E79-4880-BA04-0BBCA531129C}.Opt.Build.0 = Opt|Win32
		{7C83A916-1E79-4880-BA04-0BBCA531129C}.Release.ActiveCfg = Release|Win32
		{7C83A916-1E79-4880-BA04-0BBCA531129C}.Release.Build.0 = Release|Win32
		{7C83A916-1E79-4880-BA04-0BBCA531129C}.StaticDebug.ActiveCfg = StaticDebug|Win32
		{7C83A916-1E79-4880-BA04-0BBCA531129C}.StaticDebug.Build.0 = StaticDebug|Win32
		{7C83A916-1E79-4880-BA04-0BBCA531129C}.StaticRelease.ActiveCfg = StaticRelease|Win32
		{7C83A916-1E79-4880-BA04-0BBCA531129C}.StaticRelease.Build.0 = StaticRelease|Win32
		{BD5E5BCF-8648-48EA-8B35-04CFE1541E3A}.Debug.ActiveCfg = Debug|Win32
		{BD5E5BCF-8648-48EA-8B35-04CFE1541E3A}.Debug.Build.0 = Debug|Win32
		{BD5E5BCF-8648-48EA-8B35-04CFE1541E3A}.Opt.ActiveCfg = Opt|Win32
		{BD5E5BCF-8648-48EA-8B35-04CFE1541E3A}.Opt.Build.0 = Opt|Win32
		{BD5E5BCF-8648-48EA-8B35-04CFE1541E3A}.Release.ActiveCfg = Release|Win32
		{BD5E5BCF-8648-48EA-8B35-04CFE1541E3A}.Release.Build.0 = Release|Win32
		{BD5E5BCF-8648-48EA-8B35-04CFE1541E3A}.StaticDebug.ActiveCfg = StaticDebug|Win32
		{BD5E5BCF-8648-48EA-8B35-04CFE1541E3A}.StaticDebug.Build.0 = StaticDebug|Win32
		{BD5E5BCF-8648-48EA-8B35-04CFE1541E3A}.StaticRelease.ActiveCfg = StaticRelease|Win32
		{BD5E5BCF-8648-48EA-8B35-04CFE1541E3A}.StaticRelease.Build.0 = StaticRelease|Win32
		{7DC53734-89E3-4D11-9854-F581B974FA01}.Debug.ActiveCfg = Debug|Win32
		{7DC53734-89E3-4D11-9854-F581B974FA01}.Debug.Build.0 = Debug|Win32
		{7DC53734-89E3-4D11-9854-F581B974FA01}.Opt.ActiveCfg = Opt|Win32
		{7DC53734-89E3-4D11-9854-F581B974FA01}.Opt.Build.0 = Opt|Win32
		{7DC53734-89E3-4D11-9854-F581B974FA01}.Release.ActiveCfg = Release|Win32
		{7DC53734-89E3-4D11-9854-F581B974FA01}.Release.Build.0 = Release|Win32
		{7DC53734-89E3-4D11-9854-F581B974FA01}.StaticDebug.ActiveCfg = StaticDebug|Win32
		{7DC53734-89E3-4D11-9854-F581B974FA01}.StaticDebug.Build.0 = StaticDebug|Win32
		{7DC53734-89E3-4D11-9854-F581B974FA01}.StaticRelease.ActiveCfg = StaticRelease|Win32
		{7DC53734-89E3-4D11-9854-F581B974FA01}.StaticRelease.Build.0 = StaticRelease|Win32
		{EC7ACF02-DBE4-488D-89A4-DAE00465DA0F}.Debug.ActiveCfg = Debug|Win32
		{EC7ACF02-DBE4-488D-89A4-DAE00465DA0F}.Debug.Build.0 = Debug|Win32
		{EC7ACF02-DBE4-488D-89A4-DAE00465DA0F}.Opt.ActiveCfg = Opt|Win32
		{EC7ACF02-DBE4-488D-89A4-DAE00465DA0F}.Opt.Build.0 = Opt|Win32
		{EC7ACF02-DBE4-488D-89A4-DAE00465DA0F}.Release.ActiveCfg = Release|Win32
		{EC7ACF02-DBE4-488D-89A4-DAE00465DA0F}.Release.Build.0 = Release|Win32
		{EC7ACF02-DBE4-488D-89A4-DAE00465DA0F}.StaticDebug.ActiveCfg = StaticDebug|Win32
		{EC7ACF02-DBE4-488D-89A4-DAE00465DA0F}.StaticDebug.Build.0 = StaticDebug|Win32
		{EC7ACF02-DBE4-488D-89A4-DAE00465DA0F}.StaticRelease.ActiveCfg = StaticRelease|Win32
		{EC7ACF02-DBE4-488D-89A4-DAE00465DA0F}.StaticRelease.Build.0 = StaticRelease|Win32
		{5B1DB8CD-0522-43C7-91B1-D558CA7520EB}.Debug.ActiveCfg = Debug|Win32
		{5B1DB8CD-0522-43C7-91B1-D558CA7520EB}.Debug.Build.0 = Debug|Win32
		{5B1DB8CD-0522-43C7-91B1-D558CA7520EB}.Opt.ActiveCfg = Opt|Win32
		{5B1DB8CD-0522-43C7-91B1-D558CA7520EB}.Opt.Build.0 = Opt|Win32
		{5B1DB8CD-0522-43C7-91B1-D558CA7520EB}.Release.ActiveCfg = Release|Win32
		{5B1DB8CD-0522-43C7-91B1-D558CA7520EB}.Release.Build.0 = Release|Win32
		{5B1DB8CD-0522-43C7-91B1-D558CA7520EB}.StaticDebug.ActiveCfg = StaticDebug|Win32
		{5B1DB8CD-0522-43C7-91B1-D558CA7520EB}.StaticDebug.Build.0 = StaticDebug|Win32
		{5B1DB8CD-0522-43C7-91B1-D558CA7520EB}.StaticRelease.ActiveCfg = StaticRelease|Win32
		{5B1DB8CD-0522-43C7-91B1-D558CA7520EB}.StaticRelease.Build.0 = StaticRelease|Win32
		{061FA7FA-9924-4007-B1A5-EEDA41F92C7C}.Debug.ActiveCfg = Debug|Win32
		{061FA7FA-9924-4007-B1A5-EEDA41F92C7C}.Debug.Build.0 = Debug|Win32
		{061FA7FA-9924-4007-B1A5-EEDA41F92C7C}.Opt.ActiveCfg = Opt|Win32
		{061FA7FA-9924-4007-B1A5-EEDA41F92C7C}.Opt.Build.0 = Opt|Win32
		{061FA7FA-9924-4007-B1A5-EEDA41F92C7C}.Release.ActiveCfg = Release|Win32
		{061FA7FA-9924-4007-B1A5-EEDA41F92C7C}.Release.Build.0 = Release|Win32
		{061FA7FA-9924-4007-B1A5-EEDA41F92C7C}.StaticDebug.ActiveCfg = StaticDebug|Win32
		{061FA7FA-9924-4007-B1A5-EEDA41F92C7C}.StaticDebug.Build.0 = StaticDebug|Win32
		{061FA7FA-9924-4007-B1A5-EEDA41F92C7C}.StaticRelease.ActiveCfg = StaticRelease|Win32
		{061FA7FA-9924-4007-B1A5-EEDA41F92C7C}.StaticRelease.Build.0 = StaticRelease|Win32
		{F1334822-5BBB-495B-AD67-0F8D7D2A02C9}.Debug.ActiveCfg = Debug|Win32
		{F1334822-5BBB-495B-AD67-0F8D7D2A02C9}.Debug.Build.0 = Debug|Win32
		{F1334822-5BBB-495B-AD67-0F8D7D2A02C9}.Opt.ActiveCfg = Opt|Win32
		{F1334822-5BBB-495B-AD67-0F8D7D2A02C9}.Opt.Build.0 = Opt|Win32
		{F1334822-5BBB-495B-AD67-0F8D7D2A02C9}.Release.ActiveCfg = Release|Win32
		{F1334822-5BBB-495B-AD67-0F8D7D2A02C9}.Release.Build.0 = Release|Win32
		{F1334822-5BBB-495B-AD67-0F8D7D2A02C9}.StaticDebug.ActiveCfg = StaticDebug|Win32
		{F1334822-5BBB-495B-AD67-0F8D7D2A02C9}.StaticDebug.Build.0 = StaticDebug|Win32
		{F1334822-5BBB-495B-AD67-0F8D7D2A02C9}.StaticRelease.ActiveCfg = StaticRelease|Win32
		{F1334822-5BBB-495B-AD67-0F8D7D2A02C9}.StaticRelease.Build.0 = StaticRelease|Win32
		{E0D0590D-B176-41A9-9AA5-A2B766D3B8E3}.Debug.ActiveCfg = Debug|Win32
		{E0D0590D-B176-41A9-9AA5-A2B766D3B8E3}.Debug.Build.0 = Debug|Win32
		{E0D0590D-B176-41A9-9AA5-A2B766D3B8E3}.Opt.ActiveCfg = Opt|Win32
		{E0D0590D-B176-41A9-9AA5-A2B766D3B8E3}.Opt.Build.0 = Opt|Win32
		{E0D0590D-B176-41A9-9AA5-A2B766D3B8E3}.Release.ActiveCfg = Release|Win32
		{E0D0590D-B176-41A9-9AA5-A2B766D3B8E3}.Release.Build.0 = Release|Win32
		{E0D0590D-B176-41A9-9AA5-A2B766D3B8E3}.StaticDebug.ActiveCfg = StaticDebug|Win32
		{E0D0590D-B176-41A9-9AA5-A2B766D3B8E3}.StaticDebug.Build.0 = StaticDebug|Win32
		{E0D0590D-B176-41A9-9AA5-A2B766D3B8E3}.StaticRelease.ActiveCfg = StaticRelease|Win32
		{E0D0590D-B176-41A9-9AA5-A2B766D3B8E3}.StaticRelease.Build.0 = StaticRelease|Win32
		{1111950D-AF67-4EFC-A24C-7E5E15B15C1A}.Debug.ActiveCfg = Debug|Win32
		{1111950D-AF67-4EFC-A24C-7E5E15B15C1A}.Debug.Build.0 = Debug|Win32
		{1111950D-AF67-4EFC-A24C-7E5E15B15C1A}.Opt.ActiveCfg = Opt|Win32
		{1111950D-AF67-4EFC-A24C-7E5E15B15C1A}.Opt.Build.0 = Opt|Win32
		{1111950D-AF67-4EFC-A24C-7E5E15B15C1A}.Release.ActiveCfg = Release|Win32
		{1111950D-AF67-4EFC-A24C-7E5E15B15C1A}.Release.Build.0 = Release|Win32
		{1111950D-AF67-4EFC-A24C-7E5E15B15C1A}.StaticDebug.ActiveCfg = StaticDebug|Win32
		{1111950D-AF67-4EFC-A24C-7E5E15B15C1A}.StaticDebug.Build.0 = StaticDebug|Win32
		{1111950D-AF67-4EFC-A24C-7E5E15B15C1A}.StaticRelease.ActiveCfg = StaticRelease|Win32
		{1111950D-AF67-4EFC-A24C-7E5E15B15C1A}.StaticRelease.Build.0 = StaticRelease|Win32
		{254E6E70-A156-4169-9AC3-AD89822FC695}.Debug.ActiveCfg = Debug|Win32
		{254E6E70-A156-4169-9AC3-AD89822FC695}.Debug.Build.0 = Debug|Win32
		{254E6E70-A156-4169-9AC3-AD89822FC695}.Opt.ActiveCfg = Opt|Win32
		{254E6E70-A156-4169-9AC3-AD89822FC695}.Opt.Build.0 = Opt|Win32
		{254E6E70-A156-4169-9AC3-AD89822FC695}.Release.ActiveCfg = Release|Win32
		{254E6E70-A156-4169-9AC3-AD89822FC695}.Release.Build.0 = Release|Win32
		{254E6E70-A156-4169-9AC3-AD89822FC695}.StaticDebug.ActiveCfg = StaticDebug|Win32
		{254E6E70-A156-4169-9AC3-AD89822FC695}.StaticDebug.Build.0 = StaticDebug|Win32
		{254E6E70-A156-4169-9AC3-AD89822FC695}.StaticRelease.ActiveCfg = StaticRelease|Win32
		{254E6E70-A156-4169-9AC3-AD89822FC695}.StaticRelease.Build.0 = StaticRelease|Win32
		{161217D6-49DF-4F64-A55F-1C7D9E0ACEBD}.Debug.ActiveCfg = Debug|Win32
		{161217D6-49DF-4F64-A55F-1C7D9E0ACEBD}.Debug.Build.0 = Debug|Win32
		{161217D6-49DF-4F64-A55F-1C7D9E0ACEBD}.Opt.ActiveCfg = Opt|Win32
		{161217D6-49DF-4F64-A55F-1C7D9E0ACEBD}.Opt.Build.0 = Opt|Win32
		{161217D6-49DF-4F64-A55F-1C7D9E0ACEBD}.Release.ActiveCfg = Release|Win32
		{161217D6-49DF-4F64-A55F-1C7D9E0ACEBD}.Release.Build.0 = Release|Win32
		{161217D6-49DF-4F64-A55F-1C7D9E0ACEBD}.StaticDebug.ActiveCfg = StaticDebug|Win32
		{161217D6-49DF-4F64-A55F-1C7D9E0ACEBD}.StaticDebug.Build.0 = StaticDebug|Win32
		{161217D6-49DF-4F64-A55F-1C7D9E0ACEBD}.StaticRelease.ActiveCfg = StaticRelease|Win32
		{161217D6-49DF-4F64-A55F-1C7D9E0ACEBD}.StaticRelease.Build.0 = StaticRelease|Win32
		{4764E397-0635-449F-99E1-9E7E759F9390}.Debug.ActiveCfg = Debug|Win32
		{4764E397-0635-449F-99E1-9E7E759F9390}.Debug.Build.0 = Debug|Win32
		{4764E397-0635-449F-99E1-9E7E759F9390}.Opt.ActiveCfg = Opt|Win32
		{4764E397-0635-449F-99E1-9E7E759F9390}.Opt.Build.0 = Opt|Win32
		{4764E397-0635-449F-99E1-9E7E759F9390}.Release.ActiveCfg = Release|Win32
		{4764E397-0635-449F-99E1-9E7E759F9390}.Release.Build.0 = Release|Win32
		{4764E397-0635-449F-99E1-9E7E759F9390}.StaticDebug.ActiveCfg = StaticDebug|Win32
		{4764E397-0635-449F-99E1-9E7E759F9390}.StaticDebug.Build.0 = StaticDebug|Win32
		{4764E397-0635-449F-99E1-9E7E759F9390}.StaticRelease.ActiveCfg = StaticRelease|Win32
		{4764E397-0635-449F-99E1-9E7E759F9390}.StaticRelease.Build.0 = StaticRelease|Win32
		{A1E6C7C6-3175-4C72-B2D6-3C6BAFB8DC71}.Debug.ActiveCfg = Debug|Win32
		{A1E6C7C6-3175-4C72-B2D6-3C6BAFB8DC71}.Debug.Build.0 = Debug|Win32
		{A1E6C7C6-3175-4C72-B2D6-3C6BAFB8DC71}.Opt.ActiveCfg = Opt|Win32
		{A1E6C7C6-3175-4C72-B2D6-3C6BAFB8DC71}.Opt.Build.0 = Opt|Win32
		{A1E6C7C6-3175-4C72-B2D6-3C6BAFB8DC71}.Release.ActiveCfg = Release|Win32
		{A1E6C7C6-3175-4C72-B2D6-3C6BAFB8DC71}.Release.Build.0 = Release|Win32
		{A1E6C7C6-3175-4C72-B2D6-3C6BAFB8DC71}.StaticDebug.ActiveCfg = StaticDebug|Win32
		{A1E6C7C6-3175-4C72-B2D6-3C6BAFB8DC71}.StaticDebug.Build.0 = StaticDebug|Win32
		{A1E6C7C6-3175-4C72-B2D6-3C6BAFB8DC71}.StaticRelease.ActiveCfg = StaticRelease|Win32
		{A1E6C7C6-3175-4C72-B2D6-3C6BAFB8DC71}.StaticRelease.Build.0 = StaticRelease|Win32
		{41794DA6-0A27-4E8C-9F69-0BF4A1A24B6D}.Debug.ActiveCfg = Debug|Win32
		{41794DA6-0A27-4E8C-9F69-0BF4A1A24B6D}.Debug.Build.0 = Debug|Win32
		{41794DA6-0A27-4E8C-9F69-0BF4A1A24B6D}.Opt.ActiveCfg = Opt|Win32
		{41794DA6-0A27-4E8C-9F69-0BF4A1A24B6D}.Opt.Build.0 = Opt|Win32
		{41794DA6-0A27-4E8C-9F69-0BF4A1A24B6D}.Release.ActiveCfg = Release|Win32
		{41794DA6-0A27-4E8C-9F69-0BF4A1A24B6D}.Release.Build.0 = Release|Win32
		{41794DA6-0A27-4E8C-9F69-0BF4A1A24B6D}.StaticDebug.ActiveCfg = StaticDebug|Win32
		{41794DA6-0A27-4E8C-9F69-0BF4A1A24B6D}.StaticDebug.Build.0 = StaticDebug|Win32
		{41794DA6-0A27-4E8C-9F69-0BF4A1A24B6D}.StaticRelease.ActiveCfg = StaticRelease|Win32
		{41794DA6-0A27-4E8C-9F69-0BF4A1A24B6D}.StaticRelease.Build.0 = StaticRelease|Win32
		{E90B95DE-C73A-498D-93F4-CFA262779282}.Debug.ActiveCfg = Debug|Win32
		{E90B95DE-C73A-498D-93F4-CFA262779282}.Debug.Build.0 = Debug|Win32
		{E90B95DE-C73A-498D-93F4-CFA262779282}.Opt.ActiveCfg = Opt|Win32
		{E90B95DE-C73A-498D-93F4-CFA262779282}.Opt.Build.0 = Opt|Win32
		{E90B95DE-C73A-498D-93F4-CFA262779282}.Release.ActiveCfg = Release|Win32
		{E90B95DE-C73A-498D-93F4-CFA262779282}.Release.Build.0 = Release|Win32
		{E90B95DE-C73A-498D-93F4-CFA262779282}.StaticDebug.ActiveCfg = StaticDebug|Win32
		{E90B95DE-C73A-498D-93F4-CFA262779282}.StaticDebug.Build.0 = StaticDebug|Win32
		{E90B95DE-C73A-498D-93F4-CFA262779282}.StaticRelease.ActiveCfg = StaticRelease|Win32
		{E90B95DE-C73A-498D-93F4-CFA262779282}.StaticRelease.Build.0 = StaticRelease|Win32
	EndGlobalSection
	GlobalSection(ExtensibilityGlobals) = postSolution
	EndGlobalSection
	GlobalSection(ExtensibilityAddIns) = postSolution
	EndGlobalSection
EndGlobal
