Microsoft Visual Studio Solution File, Format Version 7.00
Project("{8BC9CEB8-8B4A-11D0-8D11-00A0C91BC942}") = "allguids", "allguids.vcproj", "{7C83A916-1E79-4880-BA04-0BBCA531129C}"
EndProject
Project("{8BC9CEB8-8B4A-11D0-8D11-00A0C91BC942}") = "editor", "editor.vcproj", "{4764E397-0635-449F-99E1-9E7E759F9390}"
EndProject
Project("{8BC9CEB8-8B4A-11D0-8D11-00A0C91BC942}") = "engine", "engine.vcproj", "{BD5E5BCF-8648-48EA-8B35-04CFE1541E3A}"
EndProject
Project("{8BC9CEB8-8B4A-11D0-8D11-00A0C91BC942}") = "game", "game.vcproj", "{7DC53734-89E3-4D11-9854-F581B974FA01}"
EndProject
Project("{8BC9CEB8-8B4A-11D0-8D11-00A0C91BC942}") = "MilkShapeExporter", "MilkShapeExporter.vcproj", "{EC7ACF02-DBE4-488D-89A4-DAE00465DA0F}"
EndProject
Project("{8BC9CEB8-8B4A-11D0-8D11-00A0C91BC942}") = "renderd3d9", "renderd3d9.vcproj", "{54C4674F-C70A-413E-8248-C72979C6F080}"
EndProject
Project("{8BC9CEB8-8B4A-11D0-8D11-00A0C91BC942}") = "rendergl", "rendergl.vcproj", "{D615B941-F76E-4631-BA24-ED30AB8CF0E0}"
EndProject
Project("{8BC9CEB8-8B4A-11D0-8D11-00A0C91BC942}") = "tech", "tech.vcproj", "{5B1DB8CD-0522-43C7-91B1-D558CA7520EB}"
EndProject
Global
	GlobalSection(SolutionConfiguration) = preSolution
		ConfigName.0 = Debug
		ConfigName.1 = Opt
		ConfigName.2 = Release
		ConfigName.3 = StaticDebug
		ConfigName.4 = StaticRelease
	EndGlobalSection
	GlobalSection(ProjectDependencies) = postSolution
		{4764E397-0635-449F-99E1-9E7E759F9390}.0 = {7C83A916-1E79-4880-BA04-0BBCA531129C}
		{4764E397-0635-449F-99E1-9E7E759F9390}.1 = {BD5E5BCF-8648-48EA-8B35-04CFE1541E3A}
		{4764E397-0635-449F-99E1-9E7E759F9390}.2 = {5B1DB8CD-0522-43C7-91B1-D558CA7520EB}
		{4764E397-0635-449F-99E1-9E7E759F9390}.3 = {D615B941-F76E-4631-BA24-ED30AB8CF0E0}
		{BD5E5BCF-8648-48EA-8B35-04CFE1541E3A}.0 = {7C83A916-1E79-4880-BA04-0BBCA531129C}
		{BD5E5BCF-8648-48EA-8B35-04CFE1541E3A}.1 = {5B1DB8CD-0522-43C7-91B1-D558CA7520EB}
		{BD5E5BCF-8648-48EA-8B35-04CFE1541E3A}.2 = {D615B941-F76E-4631-BA24-ED30AB8CF0E0}
		{7DC53734-89E3-4D11-9854-F581B974FA01}.0 = {7C83A916-1E79-4880-BA04-0BBCA531129C}
		{7DC53734-89E3-4D11-9854-F581B974FA01}.1 = {BD5E5BCF-8648-48EA-8B35-04CFE1541E3A}
		{7DC53734-89E3-4D11-9854-F581B974FA01}.2 = {5B1DB8CD-0522-43C7-91B1-D558CA7520EB}
		{7DC53734-89E3-4D11-9854-F581B974FA01}.3 = {D615B941-F76E-4631-BA24-ED30AB8CF0E0}
		{EC7ACF02-DBE4-488D-89A4-DAE00465DA0F}.0 = {7C83A916-1E79-4880-BA04-0BBCA531129C}
		{EC7ACF02-DBE4-488D-89A4-DAE00465DA0F}.1 = {5B1DB8CD-0522-43C7-91B1-D558CA7520EB}
		{EC7ACF02-DBE4-488D-89A4-DAE00465DA0F}.2 = {BD5E5BCF-8648-48EA-8B35-04CFE1541E3A}
		{EC7ACF02-DBE4-488D-89A4-DAE00465DA0F}.3 = {D615B941-F76E-4631-BA24-ED30AB8CF0E0}
		{54C4674F-C70A-413E-8248-C72979C6F080}.0 = {7C83A916-1E79-4880-BA04-0BBCA531129C}
		{54C4674F-C70A-413E-8248-C72979C6F080}.1 = {5B1DB8CD-0522-43C7-91B1-D558CA7520EB}
		{D615B941-F76E-4631-BA24-ED30AB8CF0E0}.0 = {7C83A916-1E79-4880-BA04-0BBCA531129C}
		{D615B941-F76E-4631-BA24-ED30AB8CF0E0}.1 = {5B1DB8CD-0522-43C7-91B1-D558CA7520EB}
		{5B1DB8CD-0522-43C7-91B1-D558CA7520EB}.0 = {7C83A916-1E79-4880-BA04-0BBCA531129C}
	EndGlobalSection
	GlobalSection(ProjectConfiguration) = postSolution
		{7C83A916-1E79-4880-BA04-0BBCA531129C}.Debug.ActiveCfg = Debug|Win32
		{7C83A916-1E79-4880-BA04-0BBCA531129C}.Debug.Build.0 = Debug|Win32
		{7C83A916-1E79-4880-BA04-0BBCA531129C}.Opt.ActiveCfg = Opt|Win32
		{7C83A916-1E79-4880-BA04-0BBCA531129C}.Opt.Build.0 = Opt|Win32
		{7C83A916-1E79-4880-BA04-0BBCA531129C}.Release.ActiveCfg = Release|Win32
		{7C83A916-1E79-4880-BA04-0BBCA531129C}.Release.Build.0 = Release|Win32
		{7C83A916-1E79-4880-BA04-0BBCA531129C}.StaticDebug.ActiveCfg = StaticDebug|Win32
		{7C83A916-1E79-4880-BA04-0BBCA531129C}.StaticDebug.Build.0 = StaticDebug|Win32
		{7C83A916-1E79-4880-BA04-0BBCA531129C}.StaticRelease.ActiveCfg = StaticRelease|Win32
		{7C83A916-1E79-4880-BA04-0BBCA531129C}.StaticRelease.Build.0 = StaticRelease|Win32
		{4764E397-0635-449F-99E1-9E7E759F9390}.Debug.ActiveCfg = Debug|Win32
		{4764E397-0635-449F-99E1-9E7E759F9390}.Debug.Build.0 = Debug|Win32
		{4764E397-0635-449F-99E1-9E7E759F9390}.Opt.ActiveCfg = Opt|Win32
		{4764E397-0635-449F-99E1-9E7E759F9390}.Opt.Build.0 = Opt|Win32
		{4764E397-0635-449F-99E1-9E7E759F9390}.Release.ActiveCfg = Release|Win32
		{4764E397-0635-449F-99E1-9E7E759F9390}.Release.Build.0 = Release|Win32
		{4764E397-0635-449F-99E1-9E7E759F9390}.StaticDebug.ActiveCfg = StaticDebug|Win32
		{4764E397-0635-449F-99E1-9E7E759F9390}.StaticDebug.Build.0 = StaticDebug|Win32
		{4764E397-0635-449F-99E1-9E7E759F9390}.StaticRelease.ActiveCfg = StaticRelease|Win32
		{4764E397-0635-449F-99E1-9E7E759F9390}.StaticRelease.Build.0 = StaticRelease|Win32
		{BD5E5BCF-8648-48EA-8B35-04CFE1541E3A}.Debug.ActiveCfg = Debug|Win32
		{BD5E5BCF-8648-48EA-8B35-04CFE1541E3A}.Debug.Build.0 = Debug|Win32
		{BD5E5BCF-8648-48EA-8B35-04CFE1541E3A}.Opt.ActiveCfg = Opt|Win32
		{BD5E5BCF-8648-48EA-8B35-04CFE1541E3A}.Opt.Build.0 = Opt|Win32
		{BD5E5BCF-8648-48EA-8B35-04CFE1541E3A}.Release.ActiveCfg = Release|Win32
		{BD5E5BCF-8648-48EA-8B35-04CFE1541E3A}.Release.Build.0 = Release|Win32
		{BD5E5BCF-8648-48EA-8B35-04CFE1541E3A}.StaticDebug.ActiveCfg = StaticDebug|Win32
		{BD5E5BCF-8648-48EA-8B35-04CFE1541E3A}.StaticDebug.Build.0 = StaticDebug|Win32
		{BD5E5BCF-8648-48EA-8B35-04CFE1541E3A}.StaticRelease.ActiveCfg = StaticRelease|Win32
		{BD5E5BCF-8648-48EA-8B35-04CFE1541E3A}.StaticRelease.Build.0 = StaticRelease|Win32
		{7DC53734-89E3-4D11-9854-F581B974FA01}.Debug.ActiveCfg = Debug|Win32
		{7DC53734-89E3-4D11-9854-F581B974FA01}.Debug.Build.0 = Debug|Win32
		{7DC53734-89E3-4D11-9854-F581B974FA01}.Opt.ActiveCfg = Opt|Win32
		{7DC53734-89E3-4D11-9854-F581B974FA01}.Opt.Build.0 = Opt|Win32
		{7DC53734-89E3-4D11-9854-F581B974FA01}.Release.ActiveCfg = Release|Win32
		{7DC53734-89E3-4D11-9854-F581B974FA01}.Release.Build.0 = Release|Win32
		{7DC53734-89E3-4D11-9854-F581B974FA01}.StaticDebug.ActiveCfg = StaticDebug|Win32
		{7DC53734-89E3-4D11-9854-F581B974FA01}.StaticDebug.Build.0 = StaticDebug|Win32
		{7DC53734-89E3-4D11-9854-F581B974FA01}.StaticRelease.ActiveCfg = StaticRelease|Win32
		{7DC53734-89E3-4D11-9854-F581B974FA01}.StaticRelease.Build.0 = StaticRelease|Win32
		{EC7ACF02-DBE4-488D-89A4-DAE00465DA0F}.Debug.ActiveCfg = Debug|Win32
		{EC7ACF02-DBE4-488D-89A4-DAE00465DA0F}.Opt.ActiveCfg = Opt|Win32
		{EC7ACF02-DBE4-488D-89A4-DAE00465DA0F}.Opt.Build.0 = Opt|Win32
		{EC7ACF02-DBE4-488D-89A4-DAE00465DA0F}.Release.ActiveCfg = Release|Win32
		{EC7ACF02-DBE4-488D-89A4-DAE00465DA0F}.Release.Build.0 = Release|Win32
		{EC7ACF02-DBE4-488D-89A4-DAE00465DA0F}.StaticDebug.ActiveCfg = StaticDebug|Win32
		{EC7ACF02-DBE4-488D-89A4-DAE00465DA0F}.StaticDebug.Build.0 = StaticDebug|Win32
		{EC7ACF02-DBE4-488D-89A4-DAE00465DA0F}.StaticRelease.ActiveCfg = StaticRelease|Win32
		{EC7ACF02-DBE4-488D-89A4-DAE00465DA0F}.StaticRelease.Build.0 = StaticRelease|Win32
		{54C4674F-C70A-413E-8248-C72979C6F080}.Debug.ActiveCfg = Debug|Win32
		{54C4674F-C70A-413E-8248-C72979C6F080}.Opt.ActiveCfg = Opt|Win32
		{54C4674F-C70A-413E-8248-C72979C6F080}.Opt.Build.0 = Opt|Win32
		{54C4674F-C70A-413E-8248-C72979C6F080}.Release.ActiveCfg = Release|Win32
		{54C4674F-C70A-413E-8248-C72979C6F080}.Release.Build.0 = Release|Win32
		{54C4674F-C70A-413E-8248-C72979C6F080}.StaticDebug.ActiveCfg = StaticDebug|Win32
		{54C4674F-C70A-413E-8248-C72979C6F080}.StaticDebug.Build.0 = StaticDebug|Win32
		{54C4674F-C70A-413E-8248-C72979C6F080}.StaticRelease.ActiveCfg = StaticRelease|Win32
		{54C4674F-C70A-413E-8248-C72979C6F080}.StaticRelease.Build.0 = StaticRelease|Win32
		{D615B941-F76E-4631-BA24-ED30AB8CF0E0}.Debug.ActiveCfg = Debug|Win32
		{D615B941-F76E-4631-BA24-ED30AB8CF0E0}.Debug.Build.0 = Debug|Win32
		{D615B941-F76E-4631-BA24-ED30AB8CF0E0}.Opt.ActiveCfg = Opt|Win32
		{D615B941-F76E-4631-BA24-ED30AB8CF0E0}.Opt.Build.0 = Opt|Win32
		{D615B941-F76E-4631-BA24-ED30AB8CF0E0}.Release.ActiveCfg = Release|Win32
		{D615B941-F76E-4631-BA24-ED30AB8CF0E0}.Release.Build.0 = Release|Win32
		{D615B941-F76E-4631-BA24-ED30AB8CF0E0}.StaticDebug.ActiveCfg = StaticDebug|Win32
		{D615B941-F76E-4631-BA24-ED30AB8CF0E0}.StaticDebug.Build.0 = StaticDebug|Win32
		{D615B941-F76E-4631-BA24-ED30AB8CF0E0}.StaticRelease.ActiveCfg = StaticRelease|Win32
		{D615B941-F76E-4631-BA24-ED30AB8CF0E0}.StaticRelease.Build.0 = StaticRelease|Win32
		{5B1DB8CD-0522-43C7-91B1-D558CA7520EB}.Debug.ActiveCfg = Debug|Win32
		{5B1DB8CD-0522-43C7-91B1-D558CA7520EB}.Debug.Build.0 = Debug|Win32
		{5B1DB8CD-0522-43C7-91B1-D558CA7520EB}.Opt.ActiveCfg = Opt|Win32
		{5B1DB8CD-0522-43C7-91B1-D558CA7520EB}.Opt.Build.0 = Opt|Win32
		{5B1DB8CD-0522-43C7-91B1-D558CA7520EB}.Release.ActiveCfg = Release|Win32
		{5B1DB8CD-0522-43C7-91B1-D558CA7520EB}.Release.Build.0 = Release|Win32
		{5B1DB8CD-0522-43C7-91B1-D558CA7520EB}.StaticDebug.ActiveCfg = StaticDebug|Win32
		{5B1DB8CD-0522-43C7-91B1-D558CA7520EB}.StaticDebug.Build.0 = StaticDebug|Win32
		{5B1DB8CD-0522-43C7-91B1-D558CA7520EB}.StaticRelease.ActiveCfg = StaticRelease|Win32
		{5B1DB8CD-0522-43C7-91B1-D558CA7520EB}.StaticRelease.Build.0 = StaticRelease|Win32
	EndGlobalSection
	GlobalSection(ExtensibilityGlobals) = postSolution
	EndGlobalSection
	GlobalSection(ExtensibilityAddIns) = postSolution
	EndGlobalSection
EndGlobal
