Microsoft Visual Studio Solution File, Format Version 7.00
Project("{8BC9CEB8-8B4A-11D0-8D11-00A0C91BC942}") = "editor", "editor.vcproj", "{35933388-D3AA-451A-B813-BB227494D0EF}"
EndProject
Project("{8BC9CEB8-8B4A-11D0-8D11-00A0C91BC942}") = "allguids", "..\allguids\allguids.vcproj", "{719BB466-DA73-494D-B3DB-4E2338F69AAC}"
EndProject
Project("{8BC9CEB8-8B4A-11D0-8D11-00A0C91BC942}") = "engine", "..\engine\engine.vcproj", "{BB6A3C2D-2654-41F4-9009-64D7CDDB31C8}"
EndProject
Project("{8BC9CEB8-8B4A-11D0-8D11-00A0C91BC942}") = "tech", "..\tech\tech.vcproj", "{186753DB-D5CF-4A8D-8BBA-0EA81C09D5DC}"
EndProject
Project("{8BC9CEB8-8B4A-11D0-8D11-00A0C91BC942}") = "render", "..\render\render.vcproj", "{77BC233E-025B-4A64-B161-C9F1264153D3}"
EndProject
Global
	GlobalSection(SolutionConfiguration) = preSolution
		ConfigName.0 = Debug
		ConfigName.1 = Opt
		ConfigName.2 = Release
		ConfigName.3 = StaticDebug
		ConfigName.4 = StaticRelease
	EndGlobalSection
	GlobalSection(ProjectDependencies) = postSolution
		{35933388-D3AA-451A-B813-BB227494D0EF}.0 = {186753DB-D5CF-4A8D-8BBA-0EA81C09D5DC}
		{35933388-D3AA-451A-B813-BB227494D0EF}.1 = {77BC233E-025B-4A64-B161-C9F1264153D3}
		{35933388-D3AA-451A-B813-BB227494D0EF}.2 = {BB6A3C2D-2654-41F4-9009-64D7CDDB31C8}
		{35933388-D3AA-451A-B813-BB227494D0EF}.3 = {719BB466-DA73-494D-B3DB-4E2338F69AAC}
		{BB6A3C2D-2654-41F4-9009-64D7CDDB31C8}.0 = {719BB466-DA73-494D-B3DB-4E2338F69AAC}
		{BB6A3C2D-2654-41F4-9009-64D7CDDB31C8}.1 = {77BC233E-025B-4A64-B161-C9F1264153D3}
		{BB6A3C2D-2654-41F4-9009-64D7CDDB31C8}.2 = {186753DB-D5CF-4A8D-8BBA-0EA81C09D5DC}
		{186753DB-D5CF-4A8D-8BBA-0EA81C09D5DC}.0 = {719BB466-DA73-494D-B3DB-4E2338F69AAC}
		{77BC233E-025B-4A64-B161-C9F1264153D3}.0 = {719BB466-DA73-494D-B3DB-4E2338F69AAC}
		{77BC233E-025B-4A64-B161-C9F1264153D3}.1 = {186753DB-D5CF-4A8D-8BBA-0EA81C09D5DC}
	EndGlobalSection
	GlobalSection(ProjectConfiguration) = postSolution
		{35933388-D3AA-451A-B813-BB227494D0EF}.Debug.ActiveCfg = Debug|Win32
		{35933388-D3AA-451A-B813-BB227494D0EF}.Debug.Build.0 = Debug|Win32
		{35933388-D3AA-451A-B813-BB227494D0EF}.Opt.ActiveCfg = Opt|Win32
		{35933388-D3AA-451A-B813-BB227494D0EF}.Opt.Build.0 = Opt|Win32
		{35933388-D3AA-451A-B813-BB227494D0EF}.Release.ActiveCfg = Release|Win32
		{35933388-D3AA-451A-B813-BB227494D0EF}.Release.Build.0 = Release|Win32
		{35933388-D3AA-451A-B813-BB227494D0EF}.StaticDebug.ActiveCfg = StaticDebug|Win32
		{35933388-D3AA-451A-B813-BB227494D0EF}.StaticDebug.Build.0 = StaticDebug|Win32
		{35933388-D3AA-451A-B813-BB227494D0EF}.StaticRelease.ActiveCfg = StaticRelease|Win32
		{35933388-D3AA-451A-B813-BB227494D0EF}.StaticRelease.Build.0 = StaticRelease|Win32
		{719BB466-DA73-494D-B3DB-4E2338F69AAC}.Debug.ActiveCfg = Debug|Win32
		{719BB466-DA73-494D-B3DB-4E2338F69AAC}.Debug.Build.0 = Debug|Win32
		{719BB466-DA73-494D-B3DB-4E2338F69AAC}.Opt.ActiveCfg = Opt|Win32
		{719BB466-DA73-494D-B3DB-4E2338F69AAC}.Opt.Build.0 = Opt|Win32
		{719BB466-DA73-494D-B3DB-4E2338F69AAC}.Release.ActiveCfg = Release|Win32
		{719BB466-DA73-494D-B3DB-4E2338F69AAC}.Release.Build.0 = Release|Win32
		{719BB466-DA73-494D-B3DB-4E2338F69AAC}.StaticDebug.ActiveCfg = StaticDebug|Win32
		{719BB466-DA73-494D-B3DB-4E2338F69AAC}.StaticDebug.Build.0 = StaticDebug|Win32
		{719BB466-DA73-494D-B3DB-4E2338F69AAC}.StaticRelease.ActiveCfg = StaticRelease|Win32
		{719BB466-DA73-494D-B3DB-4E2338F69AAC}.StaticRelease.Build.0 = StaticRelease|Win32
		{BB6A3C2D-2654-41F4-9009-64D7CDDB31C8}.Debug.ActiveCfg = Debug|Win32
		{BB6A3C2D-2654-41F4-9009-64D7CDDB31C8}.Debug.Build.0 = Debug|Win32
		{BB6A3C2D-2654-41F4-9009-64D7CDDB31C8}.Opt.ActiveCfg = Opt|Win32
		{BB6A3C2D-2654-41F4-9009-64D7CDDB31C8}.Opt.Build.0 = Opt|Win32
		{BB6A3C2D-2654-41F4-9009-64D7CDDB31C8}.Release.ActiveCfg = Release|Win32
		{BB6A3C2D-2654-41F4-9009-64D7CDDB31C8}.Release.Build.0 = Release|Win32
		{BB6A3C2D-2654-41F4-9009-64D7CDDB31C8}.StaticDebug.ActiveCfg = StaticDebug|Win32
		{BB6A3C2D-2654-41F4-9009-64D7CDDB31C8}.StaticDebug.Build.0 = StaticDebug|Win32
		{BB6A3C2D-2654-41F4-9009-64D7CDDB31C8}.StaticRelease.ActiveCfg = StaticRelease|Win32
		{BB6A3C2D-2654-41F4-9009-64D7CDDB31C8}.StaticRelease.Build.0 = StaticRelease|Win32
		{186753DB-D5CF-4A8D-8BBA-0EA81C09D5DC}.Debug.ActiveCfg = Debug|Win32
		{186753DB-D5CF-4A8D-8BBA-0EA81C09D5DC}.Debug.Build.0 = Debug|Win32
		{186753DB-D5CF-4A8D-8BBA-0EA81C09D5DC}.Opt.ActiveCfg = Opt|Win32
		{186753DB-D5CF-4A8D-8BBA-0EA81C09D5DC}.Opt.Build.0 = Opt|Win32
		{186753DB-D5CF-4A8D-8BBA-0EA81C09D5DC}.Release.ActiveCfg = Release|Win32
		{186753DB-D5CF-4A8D-8BBA-0EA81C09D5DC}.Release.Build.0 = Release|Win32
		{186753DB-D5CF-4A8D-8BBA-0EA81C09D5DC}.StaticDebug.ActiveCfg = StaticDebug|Win32
		{186753DB-D5CF-4A8D-8BBA-0EA81C09D5DC}.StaticDebug.Build.0 = StaticDebug|Win32
		{186753DB-D5CF-4A8D-8BBA-0EA81C09D5DC}.StaticRelease.ActiveCfg = StaticRelease|Win32
		{186753DB-D5CF-4A8D-8BBA-0EA81C09D5DC}.StaticRelease.Build.0 = StaticRelease|Win32
		{77BC233E-025B-4A64-B161-C9F1264153D3}.Debug.ActiveCfg = Debug|Win32
		{77BC233E-025B-4A64-B161-C9F1264153D3}.Debug.Build.0 = Debug|Win32
		{77BC233E-025B-4A64-B161-C9F1264153D3}.Opt.ActiveCfg = Opt|Win32
		{77BC233E-025B-4A64-B161-C9F1264153D3}.Opt.Build.0 = Opt|Win32
		{77BC233E-025B-4A64-B161-C9F1264153D3}.Release.ActiveCfg = Release|Win32
		{77BC233E-025B-4A64-B161-C9F1264153D3}.Release.Build.0 = Release|Win32
		{77BC233E-025B-4A64-B161-C9F1264153D3}.StaticDebug.ActiveCfg = StaticDebug|Win32
		{77BC233E-025B-4A64-B161-C9F1264153D3}.StaticDebug.Build.0 = StaticDebug|Win32
		{77BC233E-025B-4A64-B161-C9F1264153D3}.StaticRelease.ActiveCfg = StaticRelease|Win32
		{77BC233E-025B-4A64-B161-C9F1264153D3}.StaticRelease.Build.0 = StaticRelease|Win32
	EndGlobalSection
	GlobalSection(ExtensibilityGlobals) = postSolution
	EndGlobalSection
	GlobalSection(ExtensibilityAddIns) = postSolution
	EndGlobalSection
EndGlobal
